
Microsoft Visual Studio Solution File, Format Version 12.00
# Visual Studio 15
VisualStudioVersion = 15.0.26124.0
MinimumVisualStudioVersion = 15.0.26124.0
Project("{FAE04EC0-301F-11D3-BF4B-00C04F79EFBC}") = "Penguin.Cms.Email.DependencyInjection.Local", "Penguin.Cms.Email.DependencyInjection.Local.csproj", "{3BE2BF2A-4CCF-4E76-B431-2C6CA58C3A9D}"
EndProject
Project("{FAE04EC0-301F-11D3-BF4B-00C04F79EFBC}") = "Penguin.Cms.Email.Local", "..\Penguin.Cms.Email\Penguin.Cms.Email.Local.csproj", "{DDE948AB-23A4-463C-896D-5A6DE824C3A5}"
EndProject
Project("{FAE04EC0-301F-11D3-BF4B-00C04F79EFBC}") = "Penguin.Cms.Abstractions.Local", "..\Penguin.Cms.Abstractions\Penguin.Cms.Abstractions.Local.csproj", "{056E1187-C63C-4A3A-A15B-2BE05160AAED}"
EndProject
Project("{FAE04EC0-301F-11D3-BF4B-00C04F79EFBC}") = "Penguin.DependencyInjection.Abstractions.Local", "..\Penguin.DependencyInjection.Abstractions\Penguin.DependencyInjection.Abstractions.Local.csproj", "{06D17E04-1495-4967-B10E-50529953CB0C}"
EndProject
Project("{FAE04EC0-301F-11D3-BF4B-00C04F79EFBC}") = "Penguin.Persistence.Abstractions.Local", "..\Penguin.Persistence.Abstractions\Penguin.Persistence.Abstractions.Local.csproj", "{644C2F2F-0AA3-481E-AB24-27E232E7E618}"
EndProject
Project("{FAE04EC0-301F-11D3-BF4B-00C04F79EFBC}") = "Penguin.Entities.Abstractions.Local", "..\Penguin.Entities.Abstractions\Penguin.Entities.Abstractions.Local.csproj", "{407A415F-A6D8-4EEA-832C-9E7EC6844AF7}"
EndProject
Project("{FAE04EC0-301F-11D3-BF4B-00C04F79EFBC}") = "Penguin.Reflection.Extensions.Local", "..\Penguin.Reflection.Extensions\Penguin.Reflection.Extensions.Local.csproj", "{237FDB80-7696-44DF-9FC9-BF98E341D369}"
EndProject
Project("{FAE04EC0-301F-11D3-BF4B-00C04F79EFBC}") = "Penguin.Extensions.String.Local", "..\Penguin.Extensions.String\Penguin.Extensions.String.Local.csproj", "{AECB4F80-31F4-45EF-8AE0-50AA1289CD8A}"
EndProject
Project("{FAE04EC0-301F-11D3-BF4B-00C04F79EFBC}") = "Penguin.Reflection.Abstractions.Local", "..\Penguin.Reflection.Abstractions\Penguin.Reflection.Abstractions.Local.csproj", "{B7201133-449C-4DB8-A7E3-890E21A7D2A6}"
EndProject
Project("{FAE04EC0-301F-11D3-BF4B-00C04F79EFBC}") = "Penguin.Cms.Email.Abstractions.Local", "..\Penguin.Cms.Email.Abstractions\Penguin.Cms.Email.Abstractions.Local.csproj", "{B93E0789-4A5D-41BD-B267-7F3EAF9C1D8A}"
EndProject
Project("{FAE04EC0-301F-11D3-BF4B-00C04F79EFBC}") = "Penguin.Email.Abstractions.Local", "..\Penguin.Email.Abstractions\Penguin.Email.Abstractions.Local.csproj", "{6891D555-C22F-4E60-A91A-2DF7DA82C213}"
EndProject
Project("{FAE04EC0-301F-11D3-BF4B-00C04F79EFBC}") = "Penguin.Files.Abstractions.Local", "..\Penguin.Files.Abstractions\Penguin.Files.Abstractions.Local.csproj", "{0C549002-B148-42EA-BD05-E61457A7772D}"
EndProject
Project("{FAE04EC0-301F-11D3-BF4B-00C04F79EFBC}") = "Penguin.Cms.Files.Local", "..\Penguin.Cms.Files\Penguin.Cms.Files.Local.csproj", "{4D91F828-3584-4101-82E4-0D12396C6F48}"
EndProject
Project("{FAE04EC0-301F-11D3-BF4B-00C04F79EFBC}") = "Penguin.Cms.Entities.Local", "..\Penguin.Cms.Entities\Penguin.Cms.Entities.Local.csproj", "{498DB3EF-A2EC-49A0-9621-A5E4FB980662}"
EndProject
Project("{FAE04EC0-301F-11D3-BF4B-00C04F79EFBC}") = "Penguin.Configuration.Abstractions.Local", "..\Penguin.Configuration.Abstractions\Penguin.Configuration.Abstractions.Local.csproj", "{EB368D3E-8D69-46C7-8C75-3B66B28FF724}"
EndProject
Project("{FAE04EC0-301F-11D3-BF4B-00C04F79EFBC}") = "Penguin.Email.Local", "..\Penguin.Email\Penguin.Email.Local.csproj", "{6008A719-3880-4636-8344-323473779BAC}"
EndProject
Project("{FAE04EC0-301F-11D3-BF4B-00C04F79EFBC}") = "Penguin.Web.Data.Local", "..\Penguin.Web.Data\Penguin.Web.Data.Local.csproj", "{1DDAA66E-E162-40E1-B086-97B35F5F4CF2}"
EndProject
Project("{FAE04EC0-301F-11D3-BF4B-00C04F79EFBC}") = "Penguin.Cms.Email.Templating.Local", "..\Penguin.Cms.Email.Templating\Penguin.Cms.Email.Templating.Local.csproj", "{5C8B99E9-FA99-4EC0-9EF8-F691CD96CEFC}"
EndProject
Project("{FAE04EC0-301F-11D3-BF4B-00C04F79EFBC}") = "Penguin.Email.Templating.Abstractions.Local", "..\Penguin.Email.Templating.Abstractions\Penguin.Email.Templating.Abstractions.Local.csproj", "{615FB5C4-505A-40F3-9C70-680021833956}"
EndProject
Project("{FAE04EC0-301F-11D3-BF4B-00C04F79EFBC}") = "Penguin.Templating.Abstractions.Local", "..\Penguin.Templating.Abstractions\Penguin.Templating.Abstractions.Local.csproj", "{441D7149-0288-401E-981A-DB7BFD443E5F}"
EndProject
Project("{FAE04EC0-301F-11D3-BF4B-00C04F79EFBC}") = "Penguin.Cms.Email.Templating.Repositories.Local", "..\Penguin.Cms.Email.Templating.Repositories\Penguin.Cms.Email.Templating.Repositories.Local.csproj", "{E186B0E3-6193-4A5E-80F6-1B7F02083192}"
EndProject
Project("{FAE04EC0-301F-11D3-BF4B-00C04F79EFBC}") = "Penguin.Cms.Repositories.Local", "..\Penguin.Cms.Repositories\Penguin.Cms.Repositories.Local.csproj", "{828C8981-E334-4502-843E-BA99D1527C11}"
EndProject
Project("{FAE04EC0-301F-11D3-BF4B-00C04F79EFBC}") = "Penguin.Messaging.Core.Local", "..\Penguin.Messaging.Core\Penguin.Messaging.Core.Local.csproj", "{0B8E1056-AD28-4560-9BA0-CB1A1E8BF0F7}"
EndProject
Project("{FAE04EC0-301F-11D3-BF4B-00C04F79EFBC}") = "Penguin.Debugging.Local", "..\Penguin.Debugging\Penguin.Debugging.Local.csproj", "{DF3C8AC7-F770-4A30-A654-16A01EF51681}"
EndProject
Project("{FAE04EC0-301F-11D3-BF4B-00C04F79EFBC}") = "Penguin.Extensions.Exceptions.Local", "..\Penguin.Extensions.Exceptions\Penguin.Extensions.Exceptions.Local.csproj", "{9938DF2C-AC80-47B7-A48C-E10F84A7EF4E}"
EndProject
Project("{FAE04EC0-301F-11D3-BF4B-00C04F79EFBC}") = "Penguin.Messaging.Abstractions.Local", "..\Penguin.Messaging.Abstractions\Penguin.Messaging.Abstractions.Local.csproj", "{88FCA789-D655-49CD-9B36-4A8922414A53}"
EndProject
Project("{FAE04EC0-301F-11D3-BF4B-00C04F79EFBC}") = "Penguin.Persistence.Repositories.Local", "..\Penguin.Persistence.Repositories\Penguin.Persistence.Repositories.Local.csproj", "{4565B1B7-48FC-4143-9791-AA9328CE8425}"
EndProject
Project("{FAE04EC0-301F-11D3-BF4B-00C04F79EFBC}") = "Penguin.Messaging.Persistence.Local", "..\Penguin.Messaging.Persistence\Penguin.Messaging.Persistence.Local.csproj", "{1AA7B797-3576-425A-9E1F-6CC7BAB44FF2}"
EndProject
Project("{FAE04EC0-301F-11D3-BF4B-00C04F79EFBC}") = "Penguin.Reflection.Local", "..\Penguin.Reflection\Penguin.Reflection.Local.csproj", "{3B215604-C656-40D9-8343-C82595D0BCFC}"
EndProject
Project("{FAE04EC0-301F-11D3-BF4B-00C04F79EFBC}") = "Penguin.DependencyInjection.Local", "..\Penguin.DependencyInjection\Penguin.DependencyInjection.Local.csproj", "{EC2273E1-69B1-43FC-AD84-C0A5337CD900}"
EndProject
Project("{FAE04EC0-301F-11D3-BF4B-00C04F79EFBC}") = "Penguin.Email.Templating.Local", "..\Penguin.Email.Templating\Penguin.Email.Templating.Local.csproj", "{08B01C14-CE8A-4AAB-B4C8-A3EACF7A2B30}"
EndProject
Global
	GlobalSection(SolutionConfigurationPlatforms) = preSolution
		Debug|Any CPU = Debug|Any CPU
		Debug|x64 = Debug|x64
		Debug|x86 = Debug|x86
		Release|Any CPU = Release|Any CPU
		Release|x64 = Release|x64
		Release|x86 = Release|x86
	EndGlobalSection
	GlobalSection(SolutionProperties) = preSolution
		HideSolutionNode = FALSE
	EndGlobalSection
	GlobalSection(ProjectConfigurationPlatforms) = postSolution
		{3BE2BF2A-4CCF-4E76-B431-2C6CA58C3A9D}.Debug|Any CPU.ActiveCfg = Debug|Any CPU
		{3BE2BF2A-4CCF-4E76-B431-2C6CA58C3A9D}.Debug|Any CPU.Build.0 = Debug|Any CPU
		{3BE2BF2A-4CCF-4E76-B431-2C6CA58C3A9D}.Debug|x64.ActiveCfg = Debug|Any CPU
		{3BE2BF2A-4CCF-4E76-B431-2C6CA58C3A9D}.Debug|x64.Build.0 = Debug|Any CPU
		{3BE2BF2A-4CCF-4E76-B431-2C6CA58C3A9D}.Debug|x86.ActiveCfg = Debug|Any CPU
		{3BE2BF2A-4CCF-4E76-B431-2C6CA58C3A9D}.Debug|x86.Build.0 = Debug|Any CPU
		{3BE2BF2A-4CCF-4E76-B431-2C6CA58C3A9D}.Release|Any CPU.ActiveCfg = Release|Any CPU
		{3BE2BF2A-4CCF-4E76-B431-2C6CA58C3A9D}.Release|Any CPU.Build.0 = Release|Any CPU
		{3BE2BF2A-4CCF-4E76-B431-2C6CA58C3A9D}.Release|x64.ActiveCfg = Release|Any CPU
		{3BE2BF2A-4CCF-4E76-B431-2C6CA58C3A9D}.Release|x64.Build.0 = Release|Any CPU
		{3BE2BF2A-4CCF-4E76-B431-2C6CA58C3A9D}.Release|x86.ActiveCfg = Release|Any CPU
		{3BE2BF2A-4CCF-4E76-B431-2C6CA58C3A9D}.Release|x86.Build.0 = Release|Any CPU
		{DDE948AB-23A4-463C-896D-5A6DE824C3A5}.Debug|Any CPU.ActiveCfg = Debug|Any CPU
		{DDE948AB-23A4-463C-896D-5A6DE824C3A5}.Debug|Any CPU.Build.0 = Debug|Any CPU
		{DDE948AB-23A4-463C-896D-5A6DE824C3A5}.Debug|x64.ActiveCfg = Debug|Any CPU
		{DDE948AB-23A4-463C-896D-5A6DE824C3A5}.Debug|x64.Build.0 = Debug|Any CPU
		{DDE948AB-23A4-463C-896D-5A6DE824C3A5}.Debug|x86.ActiveCfg = Debug|Any CPU
		{DDE948AB-23A4-463C-896D-5A6DE824C3A5}.Debug|x86.Build.0 = Debug|Any CPU
		{DDE948AB-23A4-463C-896D-5A6DE824C3A5}.Release|Any CPU.ActiveCfg = Release|Any CPU
		{DDE948AB-23A4-463C-896D-5A6DE824C3A5}.Release|Any CPU.Build.0 = Release|Any CPU
		{DDE948AB-23A4-463C-896D-5A6DE824C3A5}.Release|x64.ActiveCfg = Release|Any CPU
		{DDE948AB-23A4-463C-896D-5A6DE824C3A5}.Release|x64.Build.0 = Release|Any CPU
		{DDE948AB-23A4-463C-896D-5A6DE824C3A5}.Release|x86.ActiveCfg = Release|Any CPU
		{DDE948AB-23A4-463C-896D-5A6DE824C3A5}.Release|x86.Build.0 = Release|Any CPU
		{056E1187-C63C-4A3A-A15B-2BE05160AAED}.Debug|Any CPU.ActiveCfg = Debug|Any CPU
		{056E1187-C63C-4A3A-A15B-2BE05160AAED}.Debug|Any CPU.Build.0 = Debug|Any CPU
		{056E1187-C63C-4A3A-A15B-2BE05160AAED}.Debug|x64.ActiveCfg = Debug|Any CPU
		{056E1187-C63C-4A3A-A15B-2BE05160AAED}.Debug|x64.Build.0 = Debug|Any CPU
		{056E1187-C63C-4A3A-A15B-2BE05160AAED}.Debug|x86.ActiveCfg = Debug|Any CPU
		{056E1187-C63C-4A3A-A15B-2BE05160AAED}.Debug|x86.Build.0 = Debug|Any CPU
		{056E1187-C63C-4A3A-A15B-2BE05160AAED}.Release|Any CPU.ActiveCfg = Release|Any CPU
		{056E1187-C63C-4A3A-A15B-2BE05160AAED}.Release|Any CPU.Build.0 = Release|Any CPU
		{056E1187-C63C-4A3A-A15B-2BE05160AAED}.Release|x64.ActiveCfg = Release|Any CPU
		{056E1187-C63C-4A3A-A15B-2BE05160AAED}.Release|x64.Build.0 = Release|Any CPU
		{056E1187-C63C-4A3A-A15B-2BE05160AAED}.Release|x86.ActiveCfg = Release|Any CPU
		{056E1187-C63C-4A3A-A15B-2BE05160AAED}.Release|x86.Build.0 = Release|Any CPU
		{06D17E04-1495-4967-B10E-50529953CB0C}.Debug|Any CPU.ActiveCfg = Debug|Any CPU
		{06D17E04-1495-4967-B10E-50529953CB0C}.Debug|Any CPU.Build.0 = Debug|Any CPU
		{06D17E04-1495-4967-B10E-50529953CB0C}.Debug|x64.ActiveCfg = Debug|Any CPU
		{06D17E04-1495-4967-B10E-50529953CB0C}.Debug|x64.Build.0 = Debug|Any CPU
		{06D17E04-1495-4967-B10E-50529953CB0C}.Debug|x86.ActiveCfg = Debug|Any CPU
		{06D17E04-1495-4967-B10E-50529953CB0C}.Debug|x86.Build.0 = Debug|Any CPU
		{06D17E04-1495-4967-B10E-50529953CB0C}.Release|Any CPU.ActiveCfg = Release|Any CPU
		{06D17E04-1495-4967-B10E-50529953CB0C}.Release|Any CPU.Build.0 = Release|Any CPU
		{06D17E04-1495-4967-B10E-50529953CB0C}.Release|x64.ActiveCfg = Release|Any CPU
		{06D17E04-1495-4967-B10E-50529953CB0C}.Release|x64.Build.0 = Release|Any CPU
		{06D17E04-1495-4967-B10E-50529953CB0C}.Release|x86.ActiveCfg = Release|Any CPU
		{06D17E04-1495-4967-B10E-50529953CB0C}.Release|x86.Build.0 = Release|Any CPU
		{644C2F2F-0AA3-481E-AB24-27E232E7E618}.Debug|Any CPU.ActiveCfg = Debug|Any CPU
		{644C2F2F-0AA3-481E-AB24-27E232E7E618}.Debug|Any CPU.Build.0 = Debug|Any CPU
		{644C2F2F-0AA3-481E-AB24-27E232E7E618}.Debug|x64.ActiveCfg = Debug|Any CPU
		{644C2F2F-0AA3-481E-AB24-27E232E7E618}.Debug|x64.Build.0 = Debug|Any CPU
		{644C2F2F-0AA3-481E-AB24-27E232E7E618}.Debug|x86.ActiveCfg = Debug|Any CPU
		{644C2F2F-0AA3-481E-AB24-27E232E7E618}.Debug|x86.Build.0 = Debug|Any CPU
		{644C2F2F-0AA3-481E-AB24-27E232E7E618}.Release|Any CPU.ActiveCfg = Release|Any CPU
		{644C2F2F-0AA3-481E-AB24-27E232E7E618}.Release|Any CPU.Build.0 = Release|Any CPU
		{644C2F2F-0AA3-481E-AB24-27E232E7E618}.Release|x64.ActiveCfg = Release|Any CPU
		{644C2F2F-0AA3-481E-AB24-27E232E7E618}.Release|x64.Build.0 = Release|Any CPU
		{644C2F2F-0AA3-481E-AB24-27E232E7E618}.Release|x86.ActiveCfg = Release|Any CPU
		{644C2F2F-0AA3-481E-AB24-27E232E7E618}.Release|x86.Build.0 = Release|Any CPU
		{407A415F-A6D8-4EEA-832C-9E7EC6844AF7}.Debug|Any CPU.ActiveCfg = Debug|Any CPU
		{407A415F-A6D8-4EEA-832C-9E7EC6844AF7}.Debug|Any CPU.Build.0 = Debug|Any CPU
		{407A415F-A6D8-4EEA-832C-9E7EC6844AF7}.Debug|x64.ActiveCfg = Debug|Any CPU
		{407A415F-A6D8-4EEA-832C-9E7EC6844AF7}.Debug|x64.Build.0 = Debug|Any CPU
		{407A415F-A6D8-4EEA-832C-9E7EC6844AF7}.Debug|x86.ActiveCfg = Debug|Any CPU
		{407A415F-A6D8-4EEA-832C-9E7EC6844AF7}.Debug|x86.Build.0 = Debug|Any CPU
		{407A415F-A6D8-4EEA-832C-9E7EC6844AF7}.Release|Any CPU.ActiveCfg = Release|Any CPU
		{407A415F-A6D8-4EEA-832C-9E7EC6844AF7}.Release|Any CPU.Build.0 = Release|Any CPU
		{407A415F-A6D8-4EEA-832C-9E7EC6844AF7}.Release|x64.ActiveCfg = Release|Any CPU
		{407A415F-A6D8-4EEA-832C-9E7EC6844AF7}.Release|x64.Build.0 = Release|Any CPU
		{407A415F-A6D8-4EEA-832C-9E7EC6844AF7}.Release|x86.ActiveCfg = Release|Any CPU
		{407A415F-A6D8-4EEA-832C-9E7EC6844AF7}.Release|x86.Build.0 = Release|Any CPU
		{237FDB80-7696-44DF-9FC9-BF98E341D369}.Debug|Any CPU.ActiveCfg = Debug|Any CPU
		{237FDB80-7696-44DF-9FC9-BF98E341D369}.Debug|Any CPU.Build.0 = Debug|Any CPU
		{237FDB80-7696-44DF-9FC9-BF98E341D369}.Debug|x64.ActiveCfg = Debug|Any CPU
		{237FDB80-7696-44DF-9FC9-BF98E341D369}.Debug|x64.Build.0 = Debug|Any CPU
		{237FDB80-7696-44DF-9FC9-BF98E341D369}.Debug|x86.ActiveCfg = Debug|Any CPU
		{237FDB80-7696-44DF-9FC9-BF98E341D369}.Debug|x86.Build.0 = Debug|Any CPU
		{237FDB80-7696-44DF-9FC9-BF98E341D369}.Release|Any CPU.ActiveCfg = Release|Any CPU
		{237FDB80-7696-44DF-9FC9-BF98E341D369}.Release|Any CPU.Build.0 = Release|Any CPU
		{237FDB80-7696-44DF-9FC9-BF98E341D369}.Release|x64.ActiveCfg = Release|Any CPU
		{237FDB80-7696-44DF-9FC9-BF98E341D369}.Release|x64.Build.0 = Release|Any CPU
		{237FDB80-7696-44DF-9FC9-BF98E341D369}.Release|x86.ActiveCfg = Release|Any CPU
		{237FDB80-7696-44DF-9FC9-BF98E341D369}.Release|x86.Build.0 = Release|Any CPU
		{AECB4F80-31F4-45EF-8AE0-50AA1289CD8A}.Debug|Any CPU.ActiveCfg = Debug|Any CPU
		{AECB4F80-31F4-45EF-8AE0-50AA1289CD8A}.Debug|Any CPU.Build.0 = Debug|Any CPU
		{AECB4F80-31F4-45EF-8AE0-50AA1289CD8A}.Debug|x64.ActiveCfg = Debug|Any CPU
		{AECB4F80-31F4-45EF-8AE0-50AA1289CD8A}.Debug|x64.Build.0 = Debug|Any CPU
		{AECB4F80-31F4-45EF-8AE0-50AA1289CD8A}.Debug|x86.ActiveCfg = Debug|Any CPU
		{AECB4F80-31F4-45EF-8AE0-50AA1289CD8A}.Debug|x86.Build.0 = Debug|Any CPU
		{AECB4F80-31F4-45EF-8AE0-50AA1289CD8A}.Release|Any CPU.ActiveCfg = Release|Any CPU
		{AECB4F80-31F4-45EF-8AE0-50AA1289CD8A}.Release|Any CPU.Build.0 = Release|Any CPU
		{AECB4F80-31F4-45EF-8AE0-50AA1289CD8A}.Release|x64.ActiveCfg = Release|Any CPU
		{AECB4F80-31F4-45EF-8AE0-50AA1289CD8A}.Release|x64.Build.0 = Release|Any CPU
		{AECB4F80-31F4-45EF-8AE0-50AA1289CD8A}.Release|x86.ActiveCfg = Release|Any CPU
		{AECB4F80-31F4-45EF-8AE0-50AA1289CD8A}.Release|x86.Build.0 = Release|Any CPU
		{B7201133-449C-4DB8-A7E3-890E21A7D2A6}.Debug|Any CPU.ActiveCfg = Debug|Any CPU
		{B7201133-449C-4DB8-A7E3-890E21A7D2A6}.Debug|Any CPU.Build.0 = Debug|Any CPU
		{B7201133-449C-4DB8-A7E3-890E21A7D2A6}.Debug|x64.ActiveCfg = Debug|Any CPU
		{B7201133-449C-4DB8-A7E3-890E21A7D2A6}.Debug|x64.Build.0 = Debug|Any CPU
		{B7201133-449C-4DB8-A7E3-890E21A7D2A6}.Debug|x86.ActiveCfg = Debug|Any CPU
		{B7201133-449C-4DB8-A7E3-890E21A7D2A6}.Debug|x86.Build.0 = Debug|Any CPU
		{B7201133-449C-4DB8-A7E3-890E21A7D2A6}.Release|Any CPU.ActiveCfg = Release|Any CPU
		{B7201133-449C-4DB8-A7E3-890E21A7D2A6}.Release|Any CPU.Build.0 = Release|Any CPU
		{B7201133-449C-4DB8-A7E3-890E21A7D2A6}.Release|x64.ActiveCfg = Release|Any CPU
		{B7201133-449C-4DB8-A7E3-890E21A7D2A6}.Release|x64.Build.0 = Release|Any CPU
		{B7201133-449C-4DB8-A7E3-890E21A7D2A6}.Release|x86.ActiveCfg = Release|Any CPU
		{B7201133-449C-4DB8-A7E3-890E21A7D2A6}.Release|x86.Build.0 = Release|Any CPU
		{B93E0789-4A5D-41BD-B267-7F3EAF9C1D8A}.Debug|Any CPU.ActiveCfg = Debug|Any CPU
		{B93E0789-4A5D-41BD-B267-7F3EAF9C1D8A}.Debug|Any CPU.Build.0 = Debug|Any CPU
		{B93E0789-4A5D-41BD-B267-7F3EAF9C1D8A}.Debug|x64.ActiveCfg = Debug|Any CPU
		{B93E0789-4A5D-41BD-B267-7F3EAF9C1D8A}.Debug|x64.Build.0 = Debug|Any CPU
		{B93E0789-4A5D-41BD-B267-7F3EAF9C1D8A}.Debug|x86.ActiveCfg = Debug|Any CPU
		{B93E0789-4A5D-41BD-B267-7F3EAF9C1D8A}.Debug|x86.Build.0 = Debug|Any CPU
		{B93E0789-4A5D-41BD-B267-7F3EAF9C1D8A}.Release|Any CPU.ActiveCfg = Release|Any CPU
		{B93E0789-4A5D-41BD-B267-7F3EAF9C1D8A}.Release|Any CPU.Build.0 = Release|Any CPU
		{B93E0789-4A5D-41BD-B267-7F3EAF9C1D8A}.Release|x64.ActiveCfg = Release|Any CPU
		{B93E0789-4A5D-41BD-B267-7F3EAF9C1D8A}.Release|x64.Build.0 = Release|Any CPU
		{B93E0789-4A5D-41BD-B267-7F3EAF9C1D8A}.Release|x86.ActiveCfg = Release|Any CPU
		{B93E0789-4A5D-41BD-B267-7F3EAF9C1D8A}.Release|x86.Build.0 = Release|Any CPU
		{6891D555-C22F-4E60-A91A-2DF7DA82C213}.Debug|Any CPU.ActiveCfg = Debug|Any CPU
		{6891D555-C22F-4E60-A91A-2DF7DA82C213}.Debug|Any CPU.Build.0 = Debug|Any CPU
		{6891D555-C22F-4E60-A91A-2DF7DA82C213}.Debug|x64.ActiveCfg = Debug|Any CPU
		{6891D555-C22F-4E60-A91A-2DF7DA82C213}.Debug|x64.Build.0 = Debug|Any CPU
		{6891D555-C22F-4E60-A91A-2DF7DA82C213}.Debug|x86.ActiveCfg = Debug|Any CPU
		{6891D555-C22F-4E60-A91A-2DF7DA82C213}.Debug|x86.Build.0 = Debug|Any CPU
		{6891D555-C22F-4E60-A91A-2DF7DA82C213}.Release|Any CPU.ActiveCfg = Release|Any CPU
		{6891D555-C22F-4E60-A91A-2DF7DA82C213}.Release|Any CPU.Build.0 = Release|Any CPU
		{6891D555-C22F-4E60-A91A-2DF7DA82C213}.Release|x64.ActiveCfg = Release|Any CPU
		{6891D555-C22F-4E60-A91A-2DF7DA82C213}.Release|x64.Build.0 = Release|Any CPU
		{6891D555-C22F-4E60-A91A-2DF7DA82C213}.Release|x86.ActiveCfg = Release|Any CPU
		{6891D555-C22F-4E60-A91A-2DF7DA82C213}.Release|x86.Build.0 = Release|Any CPU
		{0C549002-B148-42EA-BD05-E61457A7772D}.Debug|Any CPU.ActiveCfg = Debug|Any CPU
		{0C549002-B148-42EA-BD05-E61457A7772D}.Debug|Any CPU.Build.0 = Debug|Any CPU
		{0C549002-B148-42EA-BD05-E61457A7772D}.Debug|x64.ActiveCfg = Debug|Any CPU
		{0C549002-B148-42EA-BD05-E61457A7772D}.Debug|x64.Build.0 = Debug|Any CPU
		{0C549002-B148-42EA-BD05-E61457A7772D}.Debug|x86.ActiveCfg = Debug|Any CPU
		{0C549002-B148-42EA-BD05-E61457A7772D}.Debug|x86.Build.0 = Debug|Any CPU
		{0C549002-B148-42EA-BD05-E61457A7772D}.Release|Any CPU.ActiveCfg = Release|Any CPU
		{0C549002-B148-42EA-BD05-E61457A7772D}.Release|Any CPU.Build.0 = Release|Any CPU
		{0C549002-B148-42EA-BD05-E61457A7772D}.Release|x64.ActiveCfg = Release|Any CPU
		{0C549002-B148-42EA-BD05-E61457A7772D}.Release|x64.Build.0 = Release|Any CPU
		{0C549002-B148-42EA-BD05-E61457A7772D}.Release|x86.ActiveCfg = Release|Any CPU
		{0C549002-B148-42EA-BD05-E61457A7772D}.Release|x86.Build.0 = Release|Any CPU
		{4D91F828-3584-4101-82E4-0D12396C6F48}.Debug|Any CPU.ActiveCfg = Debug|Any CPU
		{4D91F828-3584-4101-82E4-0D12396C6F48}.Debug|Any CPU.Build.0 = Debug|Any CPU
		{4D91F828-3584-4101-82E4-0D12396C6F48}.Debug|x64.ActiveCfg = Debug|Any CPU
		{4D91F828-3584-4101-82E4-0D12396C6F48}.Debug|x64.Build.0 = Debug|Any CPU
		{4D91F828-3584-4101-82E4-0D12396C6F48}.Debug|x86.ActiveCfg = Debug|Any CPU
		{4D91F828-3584-4101-82E4-0D12396C6F48}.Debug|x86.Build.0 = Debug|Any CPU
		{4D91F828-3584-4101-82E4-0D12396C6F48}.Release|Any CPU.ActiveCfg = Release|Any CPU
		{4D91F828-3584-4101-82E4-0D12396C6F48}.Release|Any CPU.Build.0 = Release|Any CPU
		{4D91F828-3584-4101-82E4-0D12396C6F48}.Release|x64.ActiveCfg = Release|Any CPU
		{4D91F828-3584-4101-82E4-0D12396C6F48}.Release|x64.Build.0 = Release|Any CPU
		{4D91F828-3584-4101-82E4-0D12396C6F48}.Release|x86.ActiveCfg = Release|Any CPU
		{4D91F828-3584-4101-82E4-0D12396C6F48}.Release|x86.Build.0 = Release|Any CPU
		{498DB3EF-A2EC-49A0-9621-A5E4FB980662}.Debug|Any CPU.ActiveCfg = Debug|Any CPU
		{498DB3EF-A2EC-49A0-9621-A5E4FB980662}.Debug|Any CPU.Build.0 = Debug|Any CPU
		{498DB3EF-A2EC-49A0-9621-A5E4FB980662}.Debug|x64.ActiveCfg = Debug|Any CPU
		{498DB3EF-A2EC-49A0-9621-A5E4FB980662}.Debug|x64.Build.0 = Debug|Any CPU
		{498DB3EF-A2EC-49A0-9621-A5E4FB980662}.Debug|x86.ActiveCfg = Debug|Any CPU
		{498DB3EF-A2EC-49A0-9621-A5E4FB980662}.Debug|x86.Build.0 = Debug|Any CPU
		{498DB3EF-A2EC-49A0-9621-A5E4FB980662}.Release|Any CPU.ActiveCfg = Release|Any CPU
		{498DB3EF-A2EC-49A0-9621-A5E4FB980662}.Release|Any CPU.Build.0 = Release|Any CPU
		{498DB3EF-A2EC-49A0-9621-A5E4FB980662}.Release|x64.ActiveCfg = Release|Any CPU
		{498DB3EF-A2EC-49A0-9621-A5E4FB980662}.Release|x64.Build.0 = Release|Any CPU
		{498DB3EF-A2EC-49A0-9621-A5E4FB980662}.Release|x86.ActiveCfg = Release|Any CPU
		{498DB3EF-A2EC-49A0-9621-A5E4FB980662}.Release|x86.Build.0 = Release|Any CPU
		{EB368D3E-8D69-46C7-8C75-3B66B28FF724}.Debug|Any CPU.ActiveCfg = Debug|Any CPU
		{EB368D3E-8D69-46C7-8C75-3B66B28FF724}.Debug|Any CPU.Build.0 = Debug|Any CPU
		{EB368D3E-8D69-46C7-8C75-3B66B28FF724}.Debug|x64.ActiveCfg = Debug|Any CPU
		{EB368D3E-8D69-46C7-8C75-3B66B28FF724}.Debug|x64.Build.0 = Debug|Any CPU
		{EB368D3E-8D69-46C7-8C75-3B66B28FF724}.Debug|x86.ActiveCfg = Debug|Any CPU
		{EB368D3E-8D69-46C7-8C75-3B66B28FF724}.Debug|x86.Build.0 = Debug|Any CPU
		{EB368D3E-8D69-46C7-8C75-3B66B28FF724}.Release|Any CPU.ActiveCfg = Release|Any CPU
		{EB368D3E-8D69-46C7-8C75-3B66B28FF724}.Release|Any CPU.Build.0 = Release|Any CPU
		{EB368D3E-8D69-46C7-8C75-3B66B28FF724}.Release|x64.ActiveCfg = Release|Any CPU
		{EB368D3E-8D69-46C7-8C75-3B66B28FF724}.Release|x64.Build.0 = Release|Any CPU
		{EB368D3E-8D69-46C7-8C75-3B66B28FF724}.Release|x86.ActiveCfg = Release|Any CPU
		{EB368D3E-8D69-46C7-8C75-3B66B28FF724}.Release|x86.Build.0 = Release|Any CPU
		{6008A719-3880-4636-8344-323473779BAC}.Debug|Any CPU.ActiveCfg = Debug|Any CPU
		{6008A719-3880-4636-8344-323473779BAC}.Debug|Any CPU.Build.0 = Debug|Any CPU
		{6008A719-3880-4636-8344-323473779BAC}.Debug|x64.ActiveCfg = Debug|Any CPU
		{6008A719-3880-4636-8344-323473779BAC}.Debug|x64.Build.0 = Debug|Any CPU
		{6008A719-3880-4636-8344-323473779BAC}.Debug|x86.ActiveCfg = Debug|Any CPU
		{6008A719-3880-4636-8344-323473779BAC}.Debug|x86.Build.0 = Debug|Any CPU
		{6008A719-3880-4636-8344-323473779BAC}.Release|Any CPU.ActiveCfg = Release|Any CPU
		{6008A719-3880-4636-8344-323473779BAC}.Release|Any CPU.Build.0 = Release|Any CPU
		{6008A719-3880-4636-8344-323473779BAC}.Release|x64.ActiveCfg = Release|Any CPU
		{6008A719-3880-4636-8344-323473779BAC}.Release|x64.Build.0 = Release|Any CPU
		{6008A719-3880-4636-8344-323473779BAC}.Release|x86.ActiveCfg = Release|Any CPU
		{6008A719-3880-4636-8344-323473779BAC}.Release|x86.Build.0 = Release|Any CPU
		{1DDAA66E-E162-40E1-B086-97B35F5F4CF2}.Debug|Any CPU.ActiveCfg = Debug|Any CPU
		{1DDAA66E-E162-40E1-B086-97B35F5F4CF2}.Debug|Any CPU.Build.0 = Debug|Any CPU
		{1DDAA66E-E162-40E1-B086-97B35F5F4CF2}.Debug|x64.ActiveCfg = Debug|Any CPU
		{1DDAA66E-E162-40E1-B086-97B35F5F4CF2}.Debug|x64.Build.0 = Debug|Any CPU
		{1DDAA66E-E162-40E1-B086-97B35F5F4CF2}.Debug|x86.ActiveCfg = Debug|Any CPU
		{1DDAA66E-E162-40E1-B086-97B35F5F4CF2}.Debug|x86.Build.0 = Debug|Any CPU
		{1DDAA66E-E162-40E1-B086-97B35F5F4CF2}.Release|Any CPU.ActiveCfg = Release|Any CPU
		{1DDAA66E-E162-40E1-B086-97B35F5F4CF2}.Release|Any CPU.Build.0 = Release|Any CPU
		{1DDAA66E-E162-40E1-B086-97B35F5F4CF2}.Release|x64.ActiveCfg = Release|Any CPU
		{1DDAA66E-E162-40E1-B086-97B35F5F4CF2}.Release|x64.Build.0 = Release|Any CPU
		{1DDAA66E-E162-40E1-B086-97B35F5F4CF2}.Release|x86.ActiveCfg = Release|Any CPU
		{1DDAA66E-E162-40E1-B086-97B35F5F4CF2}.Release|x86.Build.0 = Release|Any CPU
		{5C8B99E9-FA99-4EC0-9EF8-F691CD96CEFC}.Debug|Any CPU.ActiveCfg = Debug|Any CPU
		{5C8B99E9-FA99-4EC0-9EF8-F691CD96CEFC}.Debug|Any CPU.Build.0 = Debug|Any CPU
		{5C8B99E9-FA99-4EC0-9EF8-F691CD96CEFC}.Debug|x64.ActiveCfg = Debug|Any CPU
		{5C8B99E9-FA99-4EC0-9EF8-F691CD96CEFC}.Debug|x64.Build.0 = Debug|Any CPU
		{5C8B99E9-FA99-4EC0-9EF8-F691CD96CEFC}.Debug|x86.ActiveCfg = Debug|Any CPU
		{5C8B99E9-FA99-4EC0-9EF8-F691CD96CEFC}.Debug|x86.Build.0 = Debug|Any CPU
		{5C8B99E9-FA99-4EC0-9EF8-F691CD96CEFC}.Release|Any CPU.ActiveCfg = Release|Any CPU
		{5C8B99E9-FA99-4EC0-9EF8-F691CD96CEFC}.Release|Any CPU.Build.0 = Release|Any CPU
		{5C8B99E9-FA99-4EC0-9EF8-F691CD96CEFC}.Release|x64.ActiveCfg = Release|Any CPU
		{5C8B99E9-FA99-4EC0-9EF8-F691CD96CEFC}.Release|x64.Build.0 = Release|Any CPU
		{5C8B99E9-FA99-4EC0-9EF8-F691CD96CEFC}.Release|x86.ActiveCfg = Release|Any CPU
		{5C8B99E9-FA99-4EC0-9EF8-F691CD96CEFC}.Release|x86.Build.0 = Release|Any CPU
		{615FB5C4-505A-40F3-9C70-680021833956}.Debug|Any CPU.ActiveCfg = Debug|Any CPU
		{615FB5C4-505A-40F3-9C70-680021833956}.Debug|Any CPU.Build.0 = Debug|Any CPU
		{615FB5C4-505A-40F3-9C70-680021833956}.Debug|x64.ActiveCfg = Debug|Any CPU
		{615FB5C4-505A-40F3-9C70-680021833956}.Debug|x64.Build.0 = Debug|Any CPU
		{615FB5C4-505A-40F3-9C70-680021833956}.Debug|x86.ActiveCfg = Debug|Any CPU
		{615FB5C4-505A-40F3-9C70-680021833956}.Debug|x86.Build.0 = Debug|Any CPU
		{615FB5C4-505A-40F3-9C70-680021833956}.Release|Any CPU.ActiveCfg = Release|Any CPU
		{615FB5C4-505A-40F3-9C70-680021833956}.Release|Any CPU.Build.0 = Release|Any CPU
		{615FB5C4-505A-40F3-9C70-680021833956}.Release|x64.ActiveCfg = Release|Any CPU
		{615FB5C4-505A-40F3-9C70-680021833956}.Release|x64.Build.0 = Release|Any CPU
		{615FB5C4-505A-40F3-9C70-680021833956}.Release|x86.ActiveCfg = Release|Any CPU
		{615FB5C4-505A-40F3-9C70-680021833956}.Release|x86.Build.0 = Release|Any CPU
		{441D7149-0288-401E-981A-DB7BFD443E5F}.Debug|Any CPU.ActiveCfg = Debug|Any CPU
		{441D7149-0288-401E-981A-DB7BFD443E5F}.Debug|Any CPU.Build.0 = Debug|Any CPU
		{441D7149-0288-401E-981A-DB7BFD443E5F}.Debug|x64.ActiveCfg = Debug|Any CPU
		{441D7149-0288-401E-981A-DB7BFD443E5F}.Debug|x64.Build.0 = Debug|Any CPU
		{441D7149-0288-401E-981A-DB7BFD443E5F}.Debug|x86.ActiveCfg = Debug|Any CPU
		{441D7149-0288-401E-981A-DB7BFD443E5F}.Debug|x86.Build.0 = Debug|Any CPU
		{441D7149-0288-401E-981A-DB7BFD443E5F}.Release|Any CPU.ActiveCfg = Release|Any CPU
		{441D7149-0288-401E-981A-DB7BFD443E5F}.Release|Any CPU.Build.0 = Release|Any CPU
		{441D7149-0288-401E-981A-DB7BFD443E5F}.Release|x64.ActiveCfg = Release|Any CPU
		{441D7149-0288-401E-981A-DB7BFD443E5F}.Release|x64.Build.0 = Release|Any CPU
		{441D7149-0288-401E-981A-DB7BFD443E5F}.Release|x86.ActiveCfg = Release|Any CPU
		{441D7149-0288-401E-981A-DB7BFD443E5F}.Release|x86.Build.0 = Release|Any CPU
		{E186B0E3-6193-4A5E-80F6-1B7F02083192}.Debug|Any CPU.ActiveCfg = Debug|Any CPU
		{E186B0E3-6193-4A5E-80F6-1B7F02083192}.Debug|Any CPU.Build.0 = Debug|Any CPU
		{E186B0E3-6193-4A5E-80F6-1B7F02083192}.Debug|x64.ActiveCfg = Debug|Any CPU
		{E186B0E3-6193-4A5E-80F6-1B7F02083192}.Debug|x64.Build.0 = Debug|Any CPU
		{E186B0E3-6193-4A5E-80F6-1B7F02083192}.Debug|x86.ActiveCfg = Debug|Any CPU
		{E186B0E3-6193-4A5E-80F6-1B7F02083192}.Debug|x86.Build.0 = Debug|Any CPU
		{E186B0E3-6193-4A5E-80F6-1B7F02083192}.Release|Any CPU.ActiveCfg = Release|Any CPU
		{E186B0E3-6193-4A5E-80F6-1B7F02083192}.Release|Any CPU.Build.0 = Release|Any CPU
		{E186B0E3-6193-4A5E-80F6-1B7F02083192}.Release|x64.ActiveCfg = Release|Any CPU
		{E186B0E3-6193-4A5E-80F6-1B7F02083192}.Release|x64.Build.0 = Release|Any CPU
		{E186B0E3-6193-4A5E-80F6-1B7F02083192}.Release|x86.ActiveCfg = Release|Any CPU
		{E186B0E3-6193-4A5E-80F6-1B7F02083192}.Release|x86.Build.0 = Release|Any CPU
		{828C8981-E334-4502-843E-BA99D1527C11}.Debug|Any CPU.ActiveCfg = Debug|Any CPU
		{828C8981-E334-4502-843E-BA99D1527C11}.Debug|Any CPU.Build.0 = Debug|Any CPU
		{828C8981-E334-4502-843E-BA99D1527C11}.Debug|x64.ActiveCfg = Debug|Any CPU
		{828C8981-E334-4502-843E-BA99D1527C11}.Debug|x64.Build.0 = Debug|Any CPU
		{828C8981-E334-4502-843E-BA99D1527C11}.Debug|x86.ActiveCfg = Debug|Any CPU
		{828C8981-E334-4502-843E-BA99D1527C11}.Debug|x86.Build.0 = Debug|Any CPU
		{828C8981-E334-4502-843E-BA99D1527C11}.Release|Any CPU.ActiveCfg = Release|Any CPU
		{828C8981-E334-4502-843E-BA99D1527C11}.Release|Any CPU.Build.0 = Release|Any CPU
		{828C8981-E334-4502-843E-BA99D1527C11}.Release|x64.ActiveCfg = Release|Any CPU
		{828C8981-E334-4502-843E-BA99D1527C11}.Release|x64.Build.0 = Release|Any CPU
		{828C8981-E334-4502-843E-BA99D1527C11}.Release|x86.ActiveCfg = Release|Any CPU
		{828C8981-E334-4502-843E-BA99D1527C11}.Release|x86.Build.0 = Release|Any CPU
		{0B8E1056-AD28-4560-9BA0-CB1A1E8BF0F7}.Debug|Any CPU.ActiveCfg = Debug|Any CPU
		{0B8E1056-AD28-4560-9BA0-CB1A1E8BF0F7}.Debug|Any CPU.Build.0 = Debug|Any CPU
		{0B8E1056-AD28-4560-9BA0-CB1A1E8BF0F7}.Debug|x64.ActiveCfg = Debug|Any CPU
		{0B8E1056-AD28-4560-9BA0-CB1A1E8BF0F7}.Debug|x64.Build.0 = Debug|Any CPU
		{0B8E1056-AD28-4560-9BA0-CB1A1E8BF0F7}.Debug|x86.ActiveCfg = Debug|Any CPU
		{0B8E1056-AD28-4560-9BA0-CB1A1E8BF0F7}.Debug|x86.Build.0 = Debug|Any CPU
		{0B8E1056-AD28-4560-9BA0-CB1A1E8BF0F7}.Release|Any CPU.ActiveCfg = Release|Any CPU
		{0B8E1056-AD28-4560-9BA0-CB1A1E8BF0F7}.Release|Any CPU.Build.0 = Release|Any CPU
		{0B8E1056-AD28-4560-9BA0-CB1A1E8BF0F7}.Release|x64.ActiveCfg = Release|Any CPU
		{0B8E1056-AD28-4560-9BA0-CB1A1E8BF0F7}.Release|x64.Build.0 = Release|Any CPU
		{0B8E1056-AD28-4560-9BA0-CB1A1E8BF0F7}.Release|x86.ActiveCfg = Release|Any CPU
		{0B8E1056-AD28-4560-9BA0-CB1A1E8BF0F7}.Release|x86.Build.0 = Release|Any CPU
		{DF3C8AC7-F770-4A30-A654-16A01EF51681}.Debug|Any CPU.ActiveCfg = Debug|Any CPU
		{DF3C8AC7-F770-4A30-A654-16A01EF51681}.Debug|Any CPU.Build.0 = Debug|Any CPU
		{DF3C8AC7-F770-4A30-A654-16A01EF51681}.Debug|x64.ActiveCfg = Debug|Any CPU
		{DF3C8AC7-F770-4A30-A654-16A01EF51681}.Debug|x64.Build.0 = Debug|Any CPU
		{DF3C8AC7-F770-4A30-A654-16A01EF51681}.Debug|x86.ActiveCfg = Debug|Any CPU
		{DF3C8AC7-F770-4A30-A654-16A01EF51681}.Debug|x86.Build.0 = Debug|Any CPU
		{DF3C8AC7-F770-4A30-A654-16A01EF51681}.Release|Any CPU.ActiveCfg = Release|Any CPU
		{DF3C8AC7-F770-4A30-A654-16A01EF51681}.Release|Any CPU.Build.0 = Release|Any CPU
		{DF3C8AC7-F770-4A30-A654-16A01EF51681}.Release|x64.ActiveCfg = Release|Any CPU
		{DF3C8AC7-F770-4A30-A654-16A01EF51681}.Release|x64.Build.0 = Release|Any CPU
		{DF3C8AC7-F770-4A30-A654-16A01EF51681}.Release|x86.ActiveCfg = Release|Any CPU
		{DF3C8AC7-F770-4A30-A654-16A01EF51681}.Release|x86.Build.0 = Release|Any CPU
		{9938DF2C-AC80-47B7-A48C-E10F84A7EF4E}.Debug|Any CPU.ActiveCfg = Debug|Any CPU
		{9938DF2C-AC80-47B7-A48C-E10F84A7EF4E}.Debug|Any CPU.Build.0 = Debug|Any CPU
		{9938DF2C-AC80-47B7-A48C-E10F84A7EF4E}.Debug|x64.ActiveCfg = Debug|Any CPU
		{9938DF2C-AC80-47B7-A48C-E10F84A7EF4E}.Debug|x64.Build.0 = Debug|Any CPU
		{9938DF2C-AC80-47B7-A48C-E10F84A7EF4E}.Debug|x86.ActiveCfg = Debug|Any CPU
		{9938DF2C-AC80-47B7-A48C-E10F84A7EF4E}.Debug|x86.Build.0 = Debug|Any CPU
		{9938DF2C-AC80-47B7-A48C-E10F84A7EF4E}.Release|Any CPU.ActiveCfg = Release|Any CPU
		{9938DF2C-AC80-47B7-A48C-E10F84A7EF4E}.Release|Any CPU.Build.0 = Release|Any CPU
		{9938DF2C-AC80-47B7-A48C-E10F84A7EF4E}.Release|x64.ActiveCfg = Release|Any CPU
		{9938DF2C-AC80-47B7-A48C-E10F84A7EF4E}.Release|x64.Build.0 = Release|Any CPU
		{9938DF2C-AC80-47B7-A48C-E10F84A7EF4E}.Release|x86.ActiveCfg = Release|Any CPU
		{9938DF2C-AC80-47B7-A48C-E10F84A7EF4E}.Release|x86.Build.0 = Release|Any CPU
		{88FCA789-D655-49CD-9B36-4A8922414A53}.Debug|Any CPU.ActiveCfg = Debug|Any CPU
		{88FCA789-D655-49CD-9B36-4A8922414A53}.Debug|Any CPU.Build.0 = Debug|Any CPU
		{88FCA789-D655-49CD-9B36-4A8922414A53}.Debug|x64.ActiveCfg = Debug|Any CPU
		{88FCA789-D655-49CD-9B36-4A8922414A53}.Debug|x64.Build.0 = Debug|Any CPU
		{88FCA789-D655-49CD-9B36-4A8922414A53}.Debug|x86.ActiveCfg = Debug|Any CPU
		{88FCA789-D655-49CD-9B36-4A8922414A53}.Debug|x86.Build.0 = Debug|Any CPU
		{88FCA789-D655-49CD-9B36-4A8922414A53}.Release|Any CPU.ActiveCfg = Release|Any CPU
		{88FCA789-D655-49CD-9B36-4A8922414A53}.Release|Any CPU.Build.0 = Release|Any CPU
		{88FCA789-D655-49CD-9B36-4A8922414A53}.Release|x64.ActiveCfg = Release|Any CPU
		{88FCA789-D655-49CD-9B36-4A8922414A53}.Release|x64.Build.0 = Release|Any CPU
		{88FCA789-D655-49CD-9B36-4A8922414A53}.Release|x86.ActiveCfg = Release|Any CPU
		{88FCA789-D655-49CD-9B36-4A8922414A53}.Release|x86.Build.0 = Release|Any CPU
		{4565B1B7-48FC-4143-9791-AA9328CE8425}.Debug|Any CPU.ActiveCfg = Debug|Any CPU
		{4565B1B7-48FC-4143-9791-AA9328CE8425}.Debug|Any CPU.Build.0 = Debug|Any CPU
		{4565B1B7-48FC-4143-9791-AA9328CE8425}.Debug|x64.ActiveCfg = Debug|Any CPU
		{4565B1B7-48FC-4143-9791-AA9328CE8425}.Debug|x64.Build.0 = Debug|Any CPU
		{4565B1B7-48FC-4143-9791-AA9328CE8425}.Debug|x86.ActiveCfg = Debug|Any CPU
		{4565B1B7-48FC-4143-9791-AA9328CE8425}.Debug|x86.Build.0 = Debug|Any CPU
		{4565B1B7-48FC-4143-9791-AA9328CE8425}.Release|Any CPU.ActiveCfg = Release|Any CPU
		{4565B1B7-48FC-4143-9791-AA9328CE8425}.Release|Any CPU.Build.0 = Release|Any CPU
		{4565B1B7-48FC-4143-9791-AA9328CE8425}.Release|x64.ActiveCfg = Release|Any CPU
		{4565B1B7-48FC-4143-9791-AA9328CE8425}.Release|x64.Build.0 = Release|Any CPU
		{4565B1B7-48FC-4143-9791-AA9328CE8425}.Release|x86.ActiveCfg = Release|Any CPU
		{4565B1B7-48FC-4143-9791-AA9328CE8425}.Release|x86.Build.0 = Release|Any CPU
		{1AA7B797-3576-425A-9E1F-6CC7BAB44FF2}.Debug|Any CPU.ActiveCfg = Debug|Any CPU
		{1AA7B797-3576-425A-9E1F-6CC7BAB44FF2}.Debug|Any CPU.Build.0 = Debug|Any CPU
		{1AA7B797-3576-425A-9E1F-6CC7BAB44FF2}.Debug|x64.ActiveCfg = Debug|Any CPU
		{1AA7B797-3576-425A-9E1F-6CC7BAB44FF2}.Debug|x64.Build.0 = Debug|Any CPU
		{1AA7B797-3576-425A-9E1F-6CC7BAB44FF2}.Debug|x86.ActiveCfg = Debug|Any CPU
		{1AA7B797-3576-425A-9E1F-6CC7BAB44FF2}.Debug|x86.Build.0 = Debug|Any CPU
		{1AA7B797-3576-425A-9E1F-6CC7BAB44FF2}.Release|Any CPU.ActiveCfg = Release|Any CPU
		{1AA7B797-3576-425A-9E1F-6CC7BAB44FF2}.Release|Any CPU.Build.0 = Release|Any CPU
		{1AA7B797-3576-425A-9E1F-6CC7BAB44FF2}.Release|x64.ActiveCfg = Release|Any CPU
		{1AA7B797-3576-425A-9E1F-6CC7BAB44FF2}.Release|x64.Build.0 = Release|Any CPU
		{1AA7B797-3576-425A-9E1F-6CC7BAB44FF2}.Release|x86.ActiveCfg = Release|Any CPU
		{1AA7B797-3576-425A-9E1F-6CC7BAB44FF2}.Release|x86.Build.0 = Release|Any CPU
		{3B215604-C656-40D9-8343-C82595D0BCFC}.Debug|Any CPU.ActiveCfg = Debug|Any CPU
		{3B215604-C656-40D9-8343-C82595D0BCFC}.Debug|Any CPU.Build.0 = Debug|Any CPU
		{3B215604-C656-40D9-8343-C82595D0BCFC}.Debug|x64.ActiveCfg = Debug|Any CPU
		{3B215604-C656-40D9-8343-C82595D0BCFC}.Debug|x64.Build.0 = Debug|Any CPU
		{3B215604-C656-40D9-8343-C82595D0BCFC}.Debug|x86.ActiveCfg = Debug|Any CPU
		{3B215604-C656-40D9-8343-C82595D0BCFC}.Debug|x86.Build.0 = Debug|Any CPU
		{3B215604-C656-40D9-8343-C82595D0BCFC}.Release|Any CPU.ActiveCfg = Release|Any CPU
		{3B215604-C656-40D9-8343-C82595D0BCFC}.Release|Any CPU.Build.0 = Release|Any CPU
		{3B215604-C656-40D9-8343-C82595D0BCFC}.Release|x64.ActiveCfg = Release|Any CPU
		{3B215604-C656-40D9-8343-C82595D0BCFC}.Release|x64.Build.0 = Release|Any CPU
		{3B215604-C656-40D9-8343-C82595D0BCFC}.Release|x86.ActiveCfg = Release|Any CPU
		{3B215604-C656-40D9-8343-C82595D0BCFC}.Release|x86.Build.0 = Release|Any CPU
		{EC2273E1-69B1-43FC-AD84-C0A5337CD900}.Debug|Any CPU.ActiveCfg = Debug|Any CPU
		{EC2273E1-69B1-43FC-AD84-C0A5337CD900}.Debug|Any CPU.Build.0 = Debug|Any CPU
		{EC2273E1-69B1-43FC-AD84-C0A5337CD900}.Debug|x64.ActiveCfg = Debug|Any CPU
		{EC2273E1-69B1-43FC-AD84-C0A5337CD900}.Debug|x64.Build.0 = Debug|Any CPU
		{EC2273E1-69B1-43FC-AD84-C0A5337CD900}.Debug|x86.ActiveCfg = Debug|Any CPU
		{EC2273E1-69B1-43FC-AD84-C0A5337CD900}.Debug|x86.Build.0 = Debug|Any CPU
		{EC2273E1-69B1-43FC-AD84-C0A5337CD900}.Release|Any CPU.ActiveCfg = Release|Any CPU
		{EC2273E1-69B1-43FC-AD84-C0A5337CD900}.Release|Any CPU.Build.0 = Release|Any CPU
		{EC2273E1-69B1-43FC-AD84-C0A5337CD900}.Release|x64.ActiveCfg = Release|Any CPU
		{EC2273E1-69B1-43FC-AD84-C0A5337CD900}.Release|x64.Build.0 = Release|Any CPU
		{EC2273E1-69B1-43FC-AD84-C0A5337CD900}.Release|x86.ActiveCfg = Release|Any CPU
		{EC2273E1-69B1-43FC-AD84-C0A5337CD900}.Release|x86.Build.0 = Release|Any CPU
		{08B01C14-CE8A-4AAB-B4C8-A3EACF7A2B30}.Debug|Any CPU.ActiveCfg = Debug|Any CPU
		{08B01C14-CE8A-4AAB-B4C8-A3EACF7A2B30}.Debug|Any CPU.Build.0 = Debug|Any CPU
		{08B01C14-CE8A-4AAB-B4C8-A3EACF7A2B30}.Debug|x64.ActiveCfg = Debug|Any CPU
		{08B01C14-CE8A-4AAB-B4C8-A3EACF7A2B30}.Debug|x64.Build.0 = Debug|Any CPU
		{08B01C14-CE8A-4AAB-B4C8-A3EACF7A2B30}.Debug|x86.ActiveCfg = Debug|Any CPU
		{08B01C14-CE8A-4AAB-B4C8-A3EACF7A2B30}.Debug|x86.Build.0 = Debug|Any CPU
		{08B01C14-CE8A-4AAB-B4C8-A3EACF7A2B30}.Release|Any CPU.ActiveCfg = Release|Any CPU
		{08B01C14-CE8A-4AAB-B4C8-A3EACF7A2B30}.Release|Any CPU.Build.0 = Release|Any CPU
		{08B01C14-CE8A-4AAB-B4C8-A3EACF7A2B30}.Release|x64.ActiveCfg = Release|Any CPU
		{08B01C14-CE8A-4AAB-B4C8-A3EACF7A2B30}.Release|x64.Build.0 = Release|Any CPU
		{08B01C14-CE8A-4AAB-B4C8-A3EACF7A2B30}.Release|x86.ActiveCfg = Release|Any CPU
		{08B01C14-CE8A-4AAB-B4C8-A3EACF7A2B30}.Release|x86.Build.0 = Release|Any CPU
	EndGlobalSection
EndGlobal
