
Microsoft Visual Studio Solution File, Format Version 12.00
# Visual Studio Version 16
VisualStudioVersion = 16.0.30114.105
MinimumVisualStudioVersion = 10.0.40219.1
Project("{FAE04EC0-301F-11D3-BF4B-00C04F79EFBC}") = "Penguin.Cms.Email.DependencyInjection.Local", "Penguin.Cms.Email.DependencyInjection.Local.csproj", "{850C4128-0BDD-4152-8972-63A5835C989F}"
EndProject
Project("{FAE04EC0-301F-11D3-BF4B-00C04F79EFBC}") = "Penguin.Email.Templating.Local", "..\Penguin.Email.Templating\Penguin.Email.Templating.Local.csproj", "{C93D5C4D-A179-4566-B27B-D797DB0AA22F}"
EndProject
Project("{FAE04EC0-301F-11D3-BF4B-00C04F79EFBC}") = "Penguin.Email.Templating.Abstractions.Local", "..\Penguin.Email.Templating.Abstractions\Penguin.Email.Templating.Abstractions.Local.csproj", "{52E73EB4-F758-4D7F-B008-13B124121972}"
EndProject
Project("{FAE04EC0-301F-11D3-BF4B-00C04F79EFBC}") = "Penguin.Email.Abstractions.Local", "..\Penguin.Email.Abstractions\Penguin.Email.Abstractions.Local.csproj", "{DF4A73E9-A8B6-4004-8F4B-FF23F5B4941C}"
EndProject
Project("{FAE04EC0-301F-11D3-BF4B-00C04F79EFBC}") = "Penguin.Files.Abstractions.Local", "..\Penguin.Files.Abstractions\Penguin.Files.Abstractions.Local.csproj", "{ECE07C4F-C1E6-4DB2-8A53-81E4ABD297D1}"
EndProject
Project("{FAE04EC0-301F-11D3-BF4B-00C04F79EFBC}") = "Penguin.Templating.Abstractions.Local", "..\Penguin.Templating.Abstractions\Penguin.Templating.Abstractions.Local.csproj", "{C9D800C4-4905-4ADC-9687-1E71E44BDBAB}"
EndProject
Project("{FAE04EC0-301F-11D3-BF4B-00C04F79EFBC}") = "Penguin.DependencyInjection.Local", "..\Penguin.DependencyInjection\Penguin.DependencyInjection.Local.csproj", "{7436AB1B-E812-45E9-9FD5-E3E46E58718B}"
EndProject
Project("{FAE04EC0-301F-11D3-BF4B-00C04F79EFBC}") = "Penguin.DependencyInjection.Abstractions.Local", "..\Penguin.DependencyInjection.Abstractions\Penguin.DependencyInjection.Abstractions.Local.csproj", "{158557FE-C39F-4854-90A6-431464609E7C}"
EndProject
Project("{FAE04EC0-301F-11D3-BF4B-00C04F79EFBC}") = "Penguin.Reflection.Extensions.Local", "..\Penguin.Reflection.Extensions\Penguin.Reflection.Extensions.Local.csproj", "{C28354AA-C842-4630-9D24-996BF877388F}"
EndProject
Project("{FAE04EC0-301F-11D3-BF4B-00C04F79EFBC}") = "Penguin.Reflection.Abstractions.Local", "..\Penguin.Reflection.Abstractions\Penguin.Reflection.Abstractions.Local.csproj", "{381C8842-491C-4448-8BDA-7B236AD40F21}"
EndProject
Project("{FAE04EC0-301F-11D3-BF4B-00C04F79EFBC}") = "Penguin.Extensions.String.Local", "..\Penguin.Extensions.String\Penguin.Extensions.String.Local.csproj", "{E163C39B-1807-4541-8C21-42099731EE8F}"
EndProject
Project("{FAE04EC0-301F-11D3-BF4B-00C04F79EFBC}") = "Penguin.Reflection.Local", "..\Penguin.Reflection\Penguin.Reflection.Local.csproj", "{182BE5A2-F562-429D-B7EA-65E1630DE63C}"
EndProject
Project("{FAE04EC0-301F-11D3-BF4B-00C04F79EFBC}") = "Penguin.Debugging.Local", "..\Penguin.Debugging\Penguin.Debugging.Local.csproj", "{1BE9E5A8-0CDA-4C2C-8B5A-CEB9D7069AB9}"
EndProject
Project("{FAE04EC0-301F-11D3-BF4B-00C04F79EFBC}") = "Penguin.Extensions.Exceptions.Local", "..\Penguin.Extensions.Exceptions\Penguin.Extensions.Exceptions.Local.csproj", "{F6807D1F-45BB-4CDE-8702-E3613A3C503E}"
EndProject
Project("{FAE04EC0-301F-11D3-BF4B-00C04F79EFBC}") = "Penguin.Cms.Email.Templating.Repositories.Local", "..\Penguin.Cms.Email.Templating.Repositories\Penguin.Cms.Email.Templating.Repositories.Local.csproj", "{3CCD2D64-4C41-49EC-AE03-2ECF2CDC3ECE}"
EndProject
Project("{FAE04EC0-301F-11D3-BF4B-00C04F79EFBC}") = "Penguin.Cms.Email.Templating.Local", "..\Penguin.Cms.Email.Templating\Penguin.Cms.Email.Templating.Local.csproj", "{4CCDD050-0518-455F-BF54-1CE399B6CB8F}"
EndProject
Project("{FAE04EC0-301F-11D3-BF4B-00C04F79EFBC}") = "Penguin.Cms.Email.Abstractions.Local", "..\Penguin.Cms.Email.Abstractions\Penguin.Cms.Email.Abstractions.Local.csproj", "{615367F9-35C0-4F00-910E-C4A6115CCA8D}"
EndProject
Project("{FAE04EC0-301F-11D3-BF4B-00C04F79EFBC}") = "Penguin.Cms.Abstractions.Local", "..\Penguin.Cms.Abstractions\Penguin.Cms.Abstractions.Local.csproj", "{B3A52A3B-7691-4856-892C-3262EF89FF21}"
EndProject
Project("{FAE04EC0-301F-11D3-BF4B-00C04F79EFBC}") = "Penguin.Persistence.Abstractions.Local", "..\Penguin.Persistence.Abstractions\Penguin.Persistence.Abstractions.Local.csproj", "{6BCEFC1B-C477-4AA9-A8B9-77023D6003CF}"
EndProject
Project("{FAE04EC0-301F-11D3-BF4B-00C04F79EFBC}") = "Penguin.Entities.Abstractions.Local", "..\Penguin.Entities.Abstractions\Penguin.Entities.Abstractions.Local.csproj", "{55E4E6F7-D502-4D5F-ACC3-26BBA03BE48B}"
EndProject
Project("{FAE04EC0-301F-11D3-BF4B-00C04F79EFBC}") = "Penguin.Cms.Entities.Local", "..\Penguin.Cms.Entities\Penguin.Cms.Entities.Local.csproj", "{C85F7247-6BD8-4AEC-8DBF-F7AB123D1736}"
EndProject
Project("{FAE04EC0-301F-11D3-BF4B-00C04F79EFBC}") = "Penguin.Cms.Email.Local", "..\Penguin.Cms.Email\Penguin.Cms.Email.Local.csproj", "{8B7AFA39-339C-44EF-B4FB-FAA9D362804E}"
EndProject
Project("{FAE04EC0-301F-11D3-BF4B-00C04F79EFBC}") = "Penguin.Email.Local", "..\Penguin.Email\Penguin.Email.Local.csproj", "{CC0017C9-749E-46B7-9655-35254B7DCCAB}"
EndProject
Project("{FAE04EC0-301F-11D3-BF4B-00C04F79EFBC}") = "Penguin.Web.Data.Local", "..\Penguin.Web.Data\Penguin.Web.Data.Local.csproj", "{84348BFB-7FE1-481B-B760-E18BF9C14870}"
EndProject
Project("{FAE04EC0-301F-11D3-BF4B-00C04F79EFBC}") = "Penguin.Configuration.Abstractions.Local", "..\Penguin.Configuration.Abstractions\Penguin.Configuration.Abstractions.Local.csproj", "{3E929DD3-BBD3-4B2F-9FFD-D7224DFCB169}"
EndProject
Project("{FAE04EC0-301F-11D3-BF4B-00C04F79EFBC}") = "Penguin.Cms.Files.Local", "..\Penguin.Cms.Files\Penguin.Cms.Files.Local.csproj", "{8777078C-C7E5-4127-919E-38F96EF4A41D}"
EndProject
Project("{FAE04EC0-301F-11D3-BF4B-00C04F79EFBC}") = "Penguin.Cms.Repositories.Local", "..\Penguin.Cms.Repositories\Penguin.Cms.Repositories.Local.csproj", "{2BFA8883-25AA-469E-81C4-4CB30195E383}"
EndProject
Project("{FAE04EC0-301F-11D3-BF4B-00C04F79EFBC}") = "Penguin.Persistence.Repositories.Local", "..\Penguin.Persistence.Repositories\Penguin.Persistence.Repositories.Local.csproj", "{6CA31F60-6ACC-4B79-B12B-1BE2ABF7D2DE}"
EndProject
Project("{FAE04EC0-301F-11D3-BF4B-00C04F79EFBC}") = "Penguin.Messaging.Persistence.Local", "..\Penguin.Messaging.Persistence\Penguin.Messaging.Persistence.Local.csproj", "{20B5E7DA-0237-4756-841B-D6013A41D3AA}"
EndProject
Project("{FAE04EC0-301F-11D3-BF4B-00C04F79EFBC}") = "Penguin.Messaging.Abstractions.Local", "..\Penguin.Messaging.Abstractions\Penguin.Messaging.Abstractions.Local.csproj", "{5BE9589E-D87B-4073-B320-CF9DC5B4461F}"
EndProject
Project("{FAE04EC0-301F-11D3-BF4B-00C04F79EFBC}") = "Penguin.Messaging.Core.Local", "..\Penguin.Messaging.Core\Penguin.Messaging.Core.Local.csproj", "{9711A74D-201C-4818-AD68-8FB78BBFF78E}"
EndProject
Global
	GlobalSection(SolutionConfigurationPlatforms) = preSolution
		Debug|Any CPU = Debug|Any CPU
		Debug|x64 = Debug|x64
		Debug|x86 = Debug|x86
		Release|Any CPU = Release|Any CPU
		Release|x64 = Release|x64
		Release|x86 = Release|x86
	EndGlobalSection
	GlobalSection(SolutionProperties) = preSolution
		HideSolutionNode = FALSE
	EndGlobalSection
	GlobalSection(ProjectConfigurationPlatforms) = postSolution
		{850C4128-0BDD-4152-8972-63A5835C989F}.Debug|Any CPU.ActiveCfg = Debug|Any CPU
		{850C4128-0BDD-4152-8972-63A5835C989F}.Debug|Any CPU.Build.0 = Debug|Any CPU
		{850C4128-0BDD-4152-8972-63A5835C989F}.Debug|x64.ActiveCfg = Debug|Any CPU
		{850C4128-0BDD-4152-8972-63A5835C989F}.Debug|x64.Build.0 = Debug|Any CPU
		{850C4128-0BDD-4152-8972-63A5835C989F}.Debug|x86.ActiveCfg = Debug|Any CPU
		{850C4128-0BDD-4152-8972-63A5835C989F}.Debug|x86.Build.0 = Debug|Any CPU
		{850C4128-0BDD-4152-8972-63A5835C989F}.Release|Any CPU.ActiveCfg = Release|Any CPU
		{850C4128-0BDD-4152-8972-63A5835C989F}.Release|Any CPU.Build.0 = Release|Any CPU
		{850C4128-0BDD-4152-8972-63A5835C989F}.Release|x64.ActiveCfg = Release|Any CPU
		{850C4128-0BDD-4152-8972-63A5835C989F}.Release|x64.Build.0 = Release|Any CPU
		{850C4128-0BDD-4152-8972-63A5835C989F}.Release|x86.ActiveCfg = Release|Any CPU
		{850C4128-0BDD-4152-8972-63A5835C989F}.Release|x86.Build.0 = Release|Any CPU
		{C93D5C4D-A179-4566-B27B-D797DB0AA22F}.Debug|Any CPU.ActiveCfg = Debug|Any CPU
		{C93D5C4D-A179-4566-B27B-D797DB0AA22F}.Debug|Any CPU.Build.0 = Debug|Any CPU
		{C93D5C4D-A179-4566-B27B-D797DB0AA22F}.Debug|x64.ActiveCfg = Debug|Any CPU
		{C93D5C4D-A179-4566-B27B-D797DB0AA22F}.Debug|x64.Build.0 = Debug|Any CPU
		{C93D5C4D-A179-4566-B27B-D797DB0AA22F}.Debug|x86.ActiveCfg = Debug|Any CPU
		{C93D5C4D-A179-4566-B27B-D797DB0AA22F}.Debug|x86.Build.0 = Debug|Any CPU
		{C93D5C4D-A179-4566-B27B-D797DB0AA22F}.Release|Any CPU.ActiveCfg = Release|Any CPU
		{C93D5C4D-A179-4566-B27B-D797DB0AA22F}.Release|Any CPU.Build.0 = Release|Any CPU
		{C93D5C4D-A179-4566-B27B-D797DB0AA22F}.Release|x64.ActiveCfg = Release|Any CPU
		{C93D5C4D-A179-4566-B27B-D797DB0AA22F}.Release|x64.Build.0 = Release|Any CPU
		{C93D5C4D-A179-4566-B27B-D797DB0AA22F}.Release|x86.ActiveCfg = Release|Any CPU
		{C93D5C4D-A179-4566-B27B-D797DB0AA22F}.Release|x86.Build.0 = Release|Any CPU
		{52E73EB4-F758-4D7F-B008-13B124121972}.Debug|Any CPU.ActiveCfg = Debug|Any CPU
		{52E73EB4-F758-4D7F-B008-13B124121972}.Debug|Any CPU.Build.0 = Debug|Any CPU
		{52E73EB4-F758-4D7F-B008-13B124121972}.Debug|x64.ActiveCfg = Debug|Any CPU
		{52E73EB4-F758-4D7F-B008-13B124121972}.Debug|x64.Build.0 = Debug|Any CPU
		{52E73EB4-F758-4D7F-B008-13B124121972}.Debug|x86.ActiveCfg = Debug|Any CPU
		{52E73EB4-F758-4D7F-B008-13B124121972}.Debug|x86.Build.0 = Debug|Any CPU
		{52E73EB4-F758-4D7F-B008-13B124121972}.Release|Any CPU.ActiveCfg = Release|Any CPU
		{52E73EB4-F758-4D7F-B008-13B124121972}.Release|Any CPU.Build.0 = Release|Any CPU
		{52E73EB4-F758-4D7F-B008-13B124121972}.Release|x64.ActiveCfg = Release|Any CPU
		{52E73EB4-F758-4D7F-B008-13B124121972}.Release|x64.Build.0 = Release|Any CPU
		{52E73EB4-F758-4D7F-B008-13B124121972}.Release|x86.ActiveCfg = Release|Any CPU
		{52E73EB4-F758-4D7F-B008-13B124121972}.Release|x86.Build.0 = Release|Any CPU
		{DF4A73E9-A8B6-4004-8F4B-FF23F5B4941C}.Debug|Any CPU.ActiveCfg = Debug|Any CPU
		{DF4A73E9-A8B6-4004-8F4B-FF23F5B4941C}.Debug|Any CPU.Build.0 = Debug|Any CPU
		{DF4A73E9-A8B6-4004-8F4B-FF23F5B4941C}.Debug|x64.ActiveCfg = Debug|Any CPU
		{DF4A73E9-A8B6-4004-8F4B-FF23F5B4941C}.Debug|x64.Build.0 = Debug|Any CPU
		{DF4A73E9-A8B6-4004-8F4B-FF23F5B4941C}.Debug|x86.ActiveCfg = Debug|Any CPU
		{DF4A73E9-A8B6-4004-8F4B-FF23F5B4941C}.Debug|x86.Build.0 = Debug|Any CPU
		{DF4A73E9-A8B6-4004-8F4B-FF23F5B4941C}.Release|Any CPU.ActiveCfg = Release|Any CPU
		{DF4A73E9-A8B6-4004-8F4B-FF23F5B4941C}.Release|Any CPU.Build.0 = Release|Any CPU
		{DF4A73E9-A8B6-4004-8F4B-FF23F5B4941C}.Release|x64.ActiveCfg = Release|Any CPU
		{DF4A73E9-A8B6-4004-8F4B-FF23F5B4941C}.Release|x64.Build.0 = Release|Any CPU
		{DF4A73E9-A8B6-4004-8F4B-FF23F5B4941C}.Release|x86.ActiveCfg = Release|Any CPU
		{DF4A73E9-A8B6-4004-8F4B-FF23F5B4941C}.Release|x86.Build.0 = Release|Any CPU
		{ECE07C4F-C1E6-4DB2-8A53-81E4ABD297D1}.Debug|Any CPU.ActiveCfg = Debug|Any CPU
		{ECE07C4F-C1E6-4DB2-8A53-81E4ABD297D1}.Debug|Any CPU.Build.0 = Debug|Any CPU
		{ECE07C4F-C1E6-4DB2-8A53-81E4ABD297D1}.Debug|x64.ActiveCfg = Debug|Any CPU
		{ECE07C4F-C1E6-4DB2-8A53-81E4ABD297D1}.Debug|x64.Build.0 = Debug|Any CPU
		{ECE07C4F-C1E6-4DB2-8A53-81E4ABD297D1}.Debug|x86.ActiveCfg = Debug|Any CPU
		{ECE07C4F-C1E6-4DB2-8A53-81E4ABD297D1}.Debug|x86.Build.0 = Debug|Any CPU
		{ECE07C4F-C1E6-4DB2-8A53-81E4ABD297D1}.Release|Any CPU.ActiveCfg = Release|Any CPU
		{ECE07C4F-C1E6-4DB2-8A53-81E4ABD297D1}.Release|Any CPU.Build.0 = Release|Any CPU
		{ECE07C4F-C1E6-4DB2-8A53-81E4ABD297D1}.Release|x64.ActiveCfg = Release|Any CPU
		{ECE07C4F-C1E6-4DB2-8A53-81E4ABD297D1}.Release|x64.Build.0 = Release|Any CPU
		{ECE07C4F-C1E6-4DB2-8A53-81E4ABD297D1}.Release|x86.ActiveCfg = Release|Any CPU
		{ECE07C4F-C1E6-4DB2-8A53-81E4ABD297D1}.Release|x86.Build.0 = Release|Any CPU
		{C9D800C4-4905-4ADC-9687-1E71E44BDBAB}.Debug|Any CPU.ActiveCfg = Debug|Any CPU
		{C9D800C4-4905-4ADC-9687-1E71E44BDBAB}.Debug|Any CPU.Build.0 = Debug|Any CPU
		{C9D800C4-4905-4ADC-9687-1E71E44BDBAB}.Debug|x64.ActiveCfg = Debug|Any CPU
		{C9D800C4-4905-4ADC-9687-1E71E44BDBAB}.Debug|x64.Build.0 = Debug|Any CPU
		{C9D800C4-4905-4ADC-9687-1E71E44BDBAB}.Debug|x86.ActiveCfg = Debug|Any CPU
		{C9D800C4-4905-4ADC-9687-1E71E44BDBAB}.Debug|x86.Build.0 = Debug|Any CPU
		{C9D800C4-4905-4ADC-9687-1E71E44BDBAB}.Release|Any CPU.ActiveCfg = Release|Any CPU
		{C9D800C4-4905-4ADC-9687-1E71E44BDBAB}.Release|Any CPU.Build.0 = Release|Any CPU
		{C9D800C4-4905-4ADC-9687-1E71E44BDBAB}.Release|x64.ActiveCfg = Release|Any CPU
		{C9D800C4-4905-4ADC-9687-1E71E44BDBAB}.Release|x64.Build.0 = Release|Any CPU
		{C9D800C4-4905-4ADC-9687-1E71E44BDBAB}.Release|x86.ActiveCfg = Release|Any CPU
		{C9D800C4-4905-4ADC-9687-1E71E44BDBAB}.Release|x86.Build.0 = Release|Any CPU
		{7436AB1B-E812-45E9-9FD5-E3E46E58718B}.Debug|Any CPU.ActiveCfg = Debug|Any CPU
		{7436AB1B-E812-45E9-9FD5-E3E46E58718B}.Debug|Any CPU.Build.0 = Debug|Any CPU
		{7436AB1B-E812-45E9-9FD5-E3E46E58718B}.Debug|x64.ActiveCfg = Debug|Any CPU
		{7436AB1B-E812-45E9-9FD5-E3E46E58718B}.Debug|x64.Build.0 = Debug|Any CPU
		{7436AB1B-E812-45E9-9FD5-E3E46E58718B}.Debug|x86.ActiveCfg = Debug|Any CPU
		{7436AB1B-E812-45E9-9FD5-E3E46E58718B}.Debug|x86.Build.0 = Debug|Any CPU
		{7436AB1B-E812-45E9-9FD5-E3E46E58718B}.Release|Any CPU.ActiveCfg = Release|Any CPU
		{7436AB1B-E812-45E9-9FD5-E3E46E58718B}.Release|Any CPU.Build.0 = Release|Any CPU
		{7436AB1B-E812-45E9-9FD5-E3E46E58718B}.Release|x64.ActiveCfg = Release|Any CPU
		{7436AB1B-E812-45E9-9FD5-E3E46E58718B}.Release|x64.Build.0 = Release|Any CPU
		{7436AB1B-E812-45E9-9FD5-E3E46E58718B}.Release|x86.ActiveCfg = Release|Any CPU
		{7436AB1B-E812-45E9-9FD5-E3E46E58718B}.Release|x86.Build.0 = Release|Any CPU
		{158557FE-C39F-4854-90A6-431464609E7C}.Debug|Any CPU.ActiveCfg = Debug|Any CPU
		{158557FE-C39F-4854-90A6-431464609E7C}.Debug|Any CPU.Build.0 = Debug|Any CPU
		{158557FE-C39F-4854-90A6-431464609E7C}.Debug|x64.ActiveCfg = Debug|Any CPU
		{158557FE-C39F-4854-90A6-431464609E7C}.Debug|x64.Build.0 = Debug|Any CPU
		{158557FE-C39F-4854-90A6-431464609E7C}.Debug|x86.ActiveCfg = Debug|Any CPU
		{158557FE-C39F-4854-90A6-431464609E7C}.Debug|x86.Build.0 = Debug|Any CPU
		{158557FE-C39F-4854-90A6-431464609E7C}.Release|Any CPU.ActiveCfg = Release|Any CPU
		{158557FE-C39F-4854-90A6-431464609E7C}.Release|Any CPU.Build.0 = Release|Any CPU
		{158557FE-C39F-4854-90A6-431464609E7C}.Release|x64.ActiveCfg = Release|Any CPU
		{158557FE-C39F-4854-90A6-431464609E7C}.Release|x64.Build.0 = Release|Any CPU
		{158557FE-C39F-4854-90A6-431464609E7C}.Release|x86.ActiveCfg = Release|Any CPU
		{158557FE-C39F-4854-90A6-431464609E7C}.Release|x86.Build.0 = Release|Any CPU
		{C28354AA-C842-4630-9D24-996BF877388F}.Debug|Any CPU.ActiveCfg = Debug|Any CPU
		{C28354AA-C842-4630-9D24-996BF877388F}.Debug|Any CPU.Build.0 = Debug|Any CPU
		{C28354AA-C842-4630-9D24-996BF877388F}.Debug|x64.ActiveCfg = Debug|Any CPU
		{C28354AA-C842-4630-9D24-996BF877388F}.Debug|x64.Build.0 = Debug|Any CPU
		{C28354AA-C842-4630-9D24-996BF877388F}.Debug|x86.ActiveCfg = Debug|Any CPU
		{C28354AA-C842-4630-9D24-996BF877388F}.Debug|x86.Build.0 = Debug|Any CPU
		{C28354AA-C842-4630-9D24-996BF877388F}.Release|Any CPU.ActiveCfg = Release|Any CPU
		{C28354AA-C842-4630-9D24-996BF877388F}.Release|Any CPU.Build.0 = Release|Any CPU
		{C28354AA-C842-4630-9D24-996BF877388F}.Release|x64.ActiveCfg = Release|Any CPU
		{C28354AA-C842-4630-9D24-996BF877388F}.Release|x64.Build.0 = Release|Any CPU
		{C28354AA-C842-4630-9D24-996BF877388F}.Release|x86.ActiveCfg = Release|Any CPU
		{C28354AA-C842-4630-9D24-996BF877388F}.Release|x86.Build.0 = Release|Any CPU
		{381C8842-491C-4448-8BDA-7B236AD40F21}.Debug|Any CPU.ActiveCfg = Debug|Any CPU
		{381C8842-491C-4448-8BDA-7B236AD40F21}.Debug|Any CPU.Build.0 = Debug|Any CPU
		{381C8842-491C-4448-8BDA-7B236AD40F21}.Debug|x64.ActiveCfg = Debug|Any CPU
		{381C8842-491C-4448-8BDA-7B236AD40F21}.Debug|x64.Build.0 = Debug|Any CPU
		{381C8842-491C-4448-8BDA-7B236AD40F21}.Debug|x86.ActiveCfg = Debug|Any CPU
		{381C8842-491C-4448-8BDA-7B236AD40F21}.Debug|x86.Build.0 = Debug|Any CPU
		{381C8842-491C-4448-8BDA-7B236AD40F21}.Release|Any CPU.ActiveCfg = Release|Any CPU
		{381C8842-491C-4448-8BDA-7B236AD40F21}.Release|Any CPU.Build.0 = Release|Any CPU
		{381C8842-491C-4448-8BDA-7B236AD40F21}.Release|x64.ActiveCfg = Release|Any CPU
		{381C8842-491C-4448-8BDA-7B236AD40F21}.Release|x64.Build.0 = Release|Any CPU
		{381C8842-491C-4448-8BDA-7B236AD40F21}.Release|x86.ActiveCfg = Release|Any CPU
		{381C8842-491C-4448-8BDA-7B236AD40F21}.Release|x86.Build.0 = Release|Any CPU
		{E163C39B-1807-4541-8C21-42099731EE8F}.Debug|Any CPU.ActiveCfg = Debug|Any CPU
		{E163C39B-1807-4541-8C21-42099731EE8F}.Debug|Any CPU.Build.0 = Debug|Any CPU
		{E163C39B-1807-4541-8C21-42099731EE8F}.Debug|x64.ActiveCfg = Debug|Any CPU
		{E163C39B-1807-4541-8C21-42099731EE8F}.Debug|x64.Build.0 = Debug|Any CPU
		{E163C39B-1807-4541-8C21-42099731EE8F}.Debug|x86.ActiveCfg = Debug|Any CPU
		{E163C39B-1807-4541-8C21-42099731EE8F}.Debug|x86.Build.0 = Debug|Any CPU
		{E163C39B-1807-4541-8C21-42099731EE8F}.Release|Any CPU.ActiveCfg = Release|Any CPU
		{E163C39B-1807-4541-8C21-42099731EE8F}.Release|Any CPU.Build.0 = Release|Any CPU
		{E163C39B-1807-4541-8C21-42099731EE8F}.Release|x64.ActiveCfg = Release|Any CPU
		{E163C39B-1807-4541-8C21-42099731EE8F}.Release|x64.Build.0 = Release|Any CPU
		{E163C39B-1807-4541-8C21-42099731EE8F}.Release|x86.ActiveCfg = Release|Any CPU
		{E163C39B-1807-4541-8C21-42099731EE8F}.Release|x86.Build.0 = Release|Any CPU
		{182BE5A2-F562-429D-B7EA-65E1630DE63C}.Debug|Any CPU.ActiveCfg = Debug|Any CPU
		{182BE5A2-F562-429D-B7EA-65E1630DE63C}.Debug|Any CPU.Build.0 = Debug|Any CPU
		{182BE5A2-F562-429D-B7EA-65E1630DE63C}.Debug|x64.ActiveCfg = Debug|Any CPU
		{182BE5A2-F562-429D-B7EA-65E1630DE63C}.Debug|x64.Build.0 = Debug|Any CPU
		{182BE5A2-F562-429D-B7EA-65E1630DE63C}.Debug|x86.ActiveCfg = Debug|Any CPU
		{182BE5A2-F562-429D-B7EA-65E1630DE63C}.Debug|x86.Build.0 = Debug|Any CPU
		{182BE5A2-F562-429D-B7EA-65E1630DE63C}.Release|Any CPU.ActiveCfg = Release|Any CPU
		{182BE5A2-F562-429D-B7EA-65E1630DE63C}.Release|Any CPU.Build.0 = Release|Any CPU
		{182BE5A2-F562-429D-B7EA-65E1630DE63C}.Release|x64.ActiveCfg = Release|Any CPU
		{182BE5A2-F562-429D-B7EA-65E1630DE63C}.Release|x64.Build.0 = Release|Any CPU
		{182BE5A2-F562-429D-B7EA-65E1630DE63C}.Release|x86.ActiveCfg = Release|Any CPU
		{182BE5A2-F562-429D-B7EA-65E1630DE63C}.Release|x86.Build.0 = Release|Any CPU
		{1BE9E5A8-0CDA-4C2C-8B5A-CEB9D7069AB9}.Debug|Any CPU.ActiveCfg = Debug|Any CPU
		{1BE9E5A8-0CDA-4C2C-8B5A-CEB9D7069AB9}.Debug|Any CPU.Build.0 = Debug|Any CPU
		{1BE9E5A8-0CDA-4C2C-8B5A-CEB9D7069AB9}.Debug|x64.ActiveCfg = Debug|Any CPU
		{1BE9E5A8-0CDA-4C2C-8B5A-CEB9D7069AB9}.Debug|x64.Build.0 = Debug|Any CPU
		{1BE9E5A8-0CDA-4C2C-8B5A-CEB9D7069AB9}.Debug|x86.ActiveCfg = Debug|Any CPU
		{1BE9E5A8-0CDA-4C2C-8B5A-CEB9D7069AB9}.Debug|x86.Build.0 = Debug|Any CPU
		{1BE9E5A8-0CDA-4C2C-8B5A-CEB9D7069AB9}.Release|Any CPU.ActiveCfg = Release|Any CPU
		{1BE9E5A8-0CDA-4C2C-8B5A-CEB9D7069AB9}.Release|Any CPU.Build.0 = Release|Any CPU
		{1BE9E5A8-0CDA-4C2C-8B5A-CEB9D7069AB9}.Release|x64.ActiveCfg = Release|Any CPU
		{1BE9E5A8-0CDA-4C2C-8B5A-CEB9D7069AB9}.Release|x64.Build.0 = Release|Any CPU
		{1BE9E5A8-0CDA-4C2C-8B5A-CEB9D7069AB9}.Release|x86.ActiveCfg = Release|Any CPU
		{1BE9E5A8-0CDA-4C2C-8B5A-CEB9D7069AB9}.Release|x86.Build.0 = Release|Any CPU
		{F6807D1F-45BB-4CDE-8702-E3613A3C503E}.Debug|Any CPU.ActiveCfg = Debug|Any CPU
		{F6807D1F-45BB-4CDE-8702-E3613A3C503E}.Debug|Any CPU.Build.0 = Debug|Any CPU
		{F6807D1F-45BB-4CDE-8702-E3613A3C503E}.Debug|x64.ActiveCfg = Debug|Any CPU
		{F6807D1F-45BB-4CDE-8702-E3613A3C503E}.Debug|x64.Build.0 = Debug|Any CPU
		{F6807D1F-45BB-4CDE-8702-E3613A3C503E}.Debug|x86.ActiveCfg = Debug|Any CPU
		{F6807D1F-45BB-4CDE-8702-E3613A3C503E}.Debug|x86.Build.0 = Debug|Any CPU
		{F6807D1F-45BB-4CDE-8702-E3613A3C503E}.Release|Any CPU.ActiveCfg = Release|Any CPU
		{F6807D1F-45BB-4CDE-8702-E3613A3C503E}.Release|Any CPU.Build.0 = Release|Any CPU
		{F6807D1F-45BB-4CDE-8702-E3613A3C503E}.Release|x64.ActiveCfg = Release|Any CPU
		{F6807D1F-45BB-4CDE-8702-E3613A3C503E}.Release|x64.Build.0 = Release|Any CPU
		{F6807D1F-45BB-4CDE-8702-E3613A3C503E}.Release|x86.ActiveCfg = Release|Any CPU
		{F6807D1F-45BB-4CDE-8702-E3613A3C503E}.Release|x86.Build.0 = Release|Any CPU
		{3CCD2D64-4C41-49EC-AE03-2ECF2CDC3ECE}.Debug|Any CPU.ActiveCfg = Debug|Any CPU
		{3CCD2D64-4C41-49EC-AE03-2ECF2CDC3ECE}.Debug|Any CPU.Build.0 = Debug|Any CPU
		{3CCD2D64-4C41-49EC-AE03-2ECF2CDC3ECE}.Debug|x64.ActiveCfg = Debug|Any CPU
		{3CCD2D64-4C41-49EC-AE03-2ECF2CDC3ECE}.Debug|x64.Build.0 = Debug|Any CPU
		{3CCD2D64-4C41-49EC-AE03-2ECF2CDC3ECE}.Debug|x86.ActiveCfg = Debug|Any CPU
		{3CCD2D64-4C41-49EC-AE03-2ECF2CDC3ECE}.Debug|x86.Build.0 = Debug|Any CPU
		{3CCD2D64-4C41-49EC-AE03-2ECF2CDC3ECE}.Release|Any CPU.ActiveCfg = Release|Any CPU
		{3CCD2D64-4C41-49EC-AE03-2ECF2CDC3ECE}.Release|Any CPU.Build.0 = Release|Any CPU
		{3CCD2D64-4C41-49EC-AE03-2ECF2CDC3ECE}.Release|x64.ActiveCfg = Release|Any CPU
		{3CCD2D64-4C41-49EC-AE03-2ECF2CDC3ECE}.Release|x64.Build.0 = Release|Any CPU
		{3CCD2D64-4C41-49EC-AE03-2ECF2CDC3ECE}.Release|x86.ActiveCfg = Release|Any CPU
		{3CCD2D64-4C41-49EC-AE03-2ECF2CDC3ECE}.Release|x86.Build.0 = Release|Any CPU
		{4CCDD050-0518-455F-BF54-1CE399B6CB8F}.Debug|Any CPU.ActiveCfg = Debug|Any CPU
		{4CCDD050-0518-455F-BF54-1CE399B6CB8F}.Debug|Any CPU.Build.0 = Debug|Any CPU
		{4CCDD050-0518-455F-BF54-1CE399B6CB8F}.Debug|x64.ActiveCfg = Debug|Any CPU
		{4CCDD050-0518-455F-BF54-1CE399B6CB8F}.Debug|x64.Build.0 = Debug|Any CPU
		{4CCDD050-0518-455F-BF54-1CE399B6CB8F}.Debug|x86.ActiveCfg = Debug|Any CPU
		{4CCDD050-0518-455F-BF54-1CE399B6CB8F}.Debug|x86.Build.0 = Debug|Any CPU
		{4CCDD050-0518-455F-BF54-1CE399B6CB8F}.Release|Any CPU.ActiveCfg = Release|Any CPU
		{4CCDD050-0518-455F-BF54-1CE399B6CB8F}.Release|Any CPU.Build.0 = Release|Any CPU
		{4CCDD050-0518-455F-BF54-1CE399B6CB8F}.Release|x64.ActiveCfg = Release|Any CPU
		{4CCDD050-0518-455F-BF54-1CE399B6CB8F}.Release|x64.Build.0 = Release|Any CPU
		{4CCDD050-0518-455F-BF54-1CE399B6CB8F}.Release|x86.ActiveCfg = Release|Any CPU
		{4CCDD050-0518-455F-BF54-1CE399B6CB8F}.Release|x86.Build.0 = Release|Any CPU
		{615367F9-35C0-4F00-910E-C4A6115CCA8D}.Debug|Any CPU.ActiveCfg = Debug|Any CPU
		{615367F9-35C0-4F00-910E-C4A6115CCA8D}.Debug|Any CPU.Build.0 = Debug|Any CPU
		{615367F9-35C0-4F00-910E-C4A6115CCA8D}.Debug|x64.ActiveCfg = Debug|Any CPU
		{615367F9-35C0-4F00-910E-C4A6115CCA8D}.Debug|x64.Build.0 = Debug|Any CPU
		{615367F9-35C0-4F00-910E-C4A6115CCA8D}.Debug|x86.ActiveCfg = Debug|Any CPU
		{615367F9-35C0-4F00-910E-C4A6115CCA8D}.Debug|x86.Build.0 = Debug|Any CPU
		{615367F9-35C0-4F00-910E-C4A6115CCA8D}.Release|Any CPU.ActiveCfg = Release|Any CPU
		{615367F9-35C0-4F00-910E-C4A6115CCA8D}.Release|Any CPU.Build.0 = Release|Any CPU
		{615367F9-35C0-4F00-910E-C4A6115CCA8D}.Release|x64.ActiveCfg = Release|Any CPU
		{615367F9-35C0-4F00-910E-C4A6115CCA8D}.Release|x64.Build.0 = Release|Any CPU
		{615367F9-35C0-4F00-910E-C4A6115CCA8D}.Release|x86.ActiveCfg = Release|Any CPU
		{615367F9-35C0-4F00-910E-C4A6115CCA8D}.Release|x86.Build.0 = Release|Any CPU
		{B3A52A3B-7691-4856-892C-3262EF89FF21}.Debug|Any CPU.ActiveCfg = Debug|Any CPU
		{B3A52A3B-7691-4856-892C-3262EF89FF21}.Debug|Any CPU.Build.0 = Debug|Any CPU
		{B3A52A3B-7691-4856-892C-3262EF89FF21}.Debug|x64.ActiveCfg = Debug|Any CPU
		{B3A52A3B-7691-4856-892C-3262EF89FF21}.Debug|x64.Build.0 = Debug|Any CPU
		{B3A52A3B-7691-4856-892C-3262EF89FF21}.Debug|x86.ActiveCfg = Debug|Any CPU
		{B3A52A3B-7691-4856-892C-3262EF89FF21}.Debug|x86.Build.0 = Debug|Any CPU
		{B3A52A3B-7691-4856-892C-3262EF89FF21}.Release|Any CPU.ActiveCfg = Release|Any CPU
		{B3A52A3B-7691-4856-892C-3262EF89FF21}.Release|Any CPU.Build.0 = Release|Any CPU
		{B3A52A3B-7691-4856-892C-3262EF89FF21}.Release|x64.ActiveCfg = Release|Any CPU
		{B3A52A3B-7691-4856-892C-3262EF89FF21}.Release|x64.Build.0 = Release|Any CPU
		{B3A52A3B-7691-4856-892C-3262EF89FF21}.Release|x86.ActiveCfg = Release|Any CPU
		{B3A52A3B-7691-4856-892C-3262EF89FF21}.Release|x86.Build.0 = Release|Any CPU
		{6BCEFC1B-C477-4AA9-A8B9-77023D6003CF}.Debug|Any CPU.ActiveCfg = Debug|Any CPU
		{6BCEFC1B-C477-4AA9-A8B9-77023D6003CF}.Debug|Any CPU.Build.0 = Debug|Any CPU
		{6BCEFC1B-C477-4AA9-A8B9-77023D6003CF}.Debug|x64.ActiveCfg = Debug|Any CPU
		{6BCEFC1B-C477-4AA9-A8B9-77023D6003CF}.Debug|x64.Build.0 = Debug|Any CPU
		{6BCEFC1B-C477-4AA9-A8B9-77023D6003CF}.Debug|x86.ActiveCfg = Debug|Any CPU
		{6BCEFC1B-C477-4AA9-A8B9-77023D6003CF}.Debug|x86.Build.0 = Debug|Any CPU
		{6BCEFC1B-C477-4AA9-A8B9-77023D6003CF}.Release|Any CPU.ActiveCfg = Release|Any CPU
		{6BCEFC1B-C477-4AA9-A8B9-77023D6003CF}.Release|Any CPU.Build.0 = Release|Any CPU
		{6BCEFC1B-C477-4AA9-A8B9-77023D6003CF}.Release|x64.ActiveCfg = Release|Any CPU
		{6BCEFC1B-C477-4AA9-A8B9-77023D6003CF}.Release|x64.Build.0 = Release|Any CPU
		{6BCEFC1B-C477-4AA9-A8B9-77023D6003CF}.Release|x86.ActiveCfg = Release|Any CPU
		{6BCEFC1B-C477-4AA9-A8B9-77023D6003CF}.Release|x86.Build.0 = Release|Any CPU
		{55E4E6F7-D502-4D5F-ACC3-26BBA03BE48B}.Debug|Any CPU.ActiveCfg = Debug|Any CPU
		{55E4E6F7-D502-4D5F-ACC3-26BBA03BE48B}.Debug|Any CPU.Build.0 = Debug|Any CPU
		{55E4E6F7-D502-4D5F-ACC3-26BBA03BE48B}.Debug|x64.ActiveCfg = Debug|Any CPU
		{55E4E6F7-D502-4D5F-ACC3-26BBA03BE48B}.Debug|x64.Build.0 = Debug|Any CPU
		{55E4E6F7-D502-4D5F-ACC3-26BBA03BE48B}.Debug|x86.ActiveCfg = Debug|Any CPU
		{55E4E6F7-D502-4D5F-ACC3-26BBA03BE48B}.Debug|x86.Build.0 = Debug|Any CPU
		{55E4E6F7-D502-4D5F-ACC3-26BBA03BE48B}.Release|Any CPU.ActiveCfg = Release|Any CPU
		{55E4E6F7-D502-4D5F-ACC3-26BBA03BE48B}.Release|Any CPU.Build.0 = Release|Any CPU
		{55E4E6F7-D502-4D5F-ACC3-26BBA03BE48B}.Release|x64.ActiveCfg = Release|Any CPU
		{55E4E6F7-D502-4D5F-ACC3-26BBA03BE48B}.Release|x64.Build.0 = Release|Any CPU
		{55E4E6F7-D502-4D5F-ACC3-26BBA03BE48B}.Release|x86.ActiveCfg = Release|Any CPU
		{55E4E6F7-D502-4D5F-ACC3-26BBA03BE48B}.Release|x86.Build.0 = Release|Any CPU
		{C85F7247-6BD8-4AEC-8DBF-F7AB123D1736}.Debug|Any CPU.ActiveCfg = Debug|Any CPU
		{C85F7247-6BD8-4AEC-8DBF-F7AB123D1736}.Debug|Any CPU.Build.0 = Debug|Any CPU
		{C85F7247-6BD8-4AEC-8DBF-F7AB123D1736}.Debug|x64.ActiveCfg = Debug|Any CPU
		{C85F7247-6BD8-4AEC-8DBF-F7AB123D1736}.Debug|x64.Build.0 = Debug|Any CPU
		{C85F7247-6BD8-4AEC-8DBF-F7AB123D1736}.Debug|x86.ActiveCfg = Debug|Any CPU
		{C85F7247-6BD8-4AEC-8DBF-F7AB123D1736}.Debug|x86.Build.0 = Debug|Any CPU
		{C85F7247-6BD8-4AEC-8DBF-F7AB123D1736}.Release|Any CPU.ActiveCfg = Release|Any CPU
		{C85F7247-6BD8-4AEC-8DBF-F7AB123D1736}.Release|Any CPU.Build.0 = Release|Any CPU
		{C85F7247-6BD8-4AEC-8DBF-F7AB123D1736}.Release|x64.ActiveCfg = Release|Any CPU
		{C85F7247-6BD8-4AEC-8DBF-F7AB123D1736}.Release|x64.Build.0 = Release|Any CPU
		{C85F7247-6BD8-4AEC-8DBF-F7AB123D1736}.Release|x86.ActiveCfg = Release|Any CPU
		{C85F7247-6BD8-4AEC-8DBF-F7AB123D1736}.Release|x86.Build.0 = Release|Any CPU
		{8B7AFA39-339C-44EF-B4FB-FAA9D362804E}.Debug|Any CPU.ActiveCfg = Debug|Any CPU
		{8B7AFA39-339C-44EF-B4FB-FAA9D362804E}.Debug|Any CPU.Build.0 = Debug|Any CPU
		{8B7AFA39-339C-44EF-B4FB-FAA9D362804E}.Debug|x64.ActiveCfg = Debug|Any CPU
		{8B7AFA39-339C-44EF-B4FB-FAA9D362804E}.Debug|x64.Build.0 = Debug|Any CPU
		{8B7AFA39-339C-44EF-B4FB-FAA9D362804E}.Debug|x86.ActiveCfg = Debug|Any CPU
		{8B7AFA39-339C-44EF-B4FB-FAA9D362804E}.Debug|x86.Build.0 = Debug|Any CPU
		{8B7AFA39-339C-44EF-B4FB-FAA9D362804E}.Release|Any CPU.ActiveCfg = Release|Any CPU
		{8B7AFA39-339C-44EF-B4FB-FAA9D362804E}.Release|Any CPU.Build.0 = Release|Any CPU
		{8B7AFA39-339C-44EF-B4FB-FAA9D362804E}.Release|x64.ActiveCfg = Release|Any CPU
		{8B7AFA39-339C-44EF-B4FB-FAA9D362804E}.Release|x64.Build.0 = Release|Any CPU
		{8B7AFA39-339C-44EF-B4FB-FAA9D362804E}.Release|x86.ActiveCfg = Release|Any CPU
		{8B7AFA39-339C-44EF-B4FB-FAA9D362804E}.Release|x86.Build.0 = Release|Any CPU
		{CC0017C9-749E-46B7-9655-35254B7DCCAB}.Debug|Any CPU.ActiveCfg = Debug|Any CPU
		{CC0017C9-749E-46B7-9655-35254B7DCCAB}.Debug|Any CPU.Build.0 = Debug|Any CPU
		{CC0017C9-749E-46B7-9655-35254B7DCCAB}.Debug|x64.ActiveCfg = Debug|Any CPU
		{CC0017C9-749E-46B7-9655-35254B7DCCAB}.Debug|x64.Build.0 = Debug|Any CPU
		{CC0017C9-749E-46B7-9655-35254B7DCCAB}.Debug|x86.ActiveCfg = Debug|Any CPU
		{CC0017C9-749E-46B7-9655-35254B7DCCAB}.Debug|x86.Build.0 = Debug|Any CPU
		{CC0017C9-749E-46B7-9655-35254B7DCCAB}.Release|Any CPU.ActiveCfg = Release|Any CPU
		{CC0017C9-749E-46B7-9655-35254B7DCCAB}.Release|Any CPU.Build.0 = Release|Any CPU
		{CC0017C9-749E-46B7-9655-35254B7DCCAB}.Release|x64.ActiveCfg = Release|Any CPU
		{CC0017C9-749E-46B7-9655-35254B7DCCAB}.Release|x64.Build.0 = Release|Any CPU
		{CC0017C9-749E-46B7-9655-35254B7DCCAB}.Release|x86.ActiveCfg = Release|Any CPU
		{CC0017C9-749E-46B7-9655-35254B7DCCAB}.Release|x86.Build.0 = Release|Any CPU
		{84348BFB-7FE1-481B-B760-E18BF9C14870}.Debug|Any CPU.ActiveCfg = Debug|Any CPU
		{84348BFB-7FE1-481B-B760-E18BF9C14870}.Debug|Any CPU.Build.0 = Debug|Any CPU
		{84348BFB-7FE1-481B-B760-E18BF9C14870}.Debug|x64.ActiveCfg = Debug|Any CPU
		{84348BFB-7FE1-481B-B760-E18BF9C14870}.Debug|x64.Build.0 = Debug|Any CPU
		{84348BFB-7FE1-481B-B760-E18BF9C14870}.Debug|x86.ActiveCfg = Debug|Any CPU
		{84348BFB-7FE1-481B-B760-E18BF9C14870}.Debug|x86.Build.0 = Debug|Any CPU
		{84348BFB-7FE1-481B-B760-E18BF9C14870}.Release|Any CPU.ActiveCfg = Release|Any CPU
		{84348BFB-7FE1-481B-B760-E18BF9C14870}.Release|Any CPU.Build.0 = Release|Any CPU
		{84348BFB-7FE1-481B-B760-E18BF9C14870}.Release|x64.ActiveCfg = Release|Any CPU
		{84348BFB-7FE1-481B-B760-E18BF9C14870}.Release|x64.Build.0 = Release|Any CPU
		{84348BFB-7FE1-481B-B760-E18BF9C14870}.Release|x86.ActiveCfg = Release|Any CPU
		{84348BFB-7FE1-481B-B760-E18BF9C14870}.Release|x86.Build.0 = Release|Any CPU
		{3E929DD3-BBD3-4B2F-9FFD-D7224DFCB169}.Debug|Any CPU.ActiveCfg = Debug|Any CPU
		{3E929DD3-BBD3-4B2F-9FFD-D7224DFCB169}.Debug|Any CPU.Build.0 = Debug|Any CPU
		{3E929DD3-BBD3-4B2F-9FFD-D7224DFCB169}.Debug|x64.ActiveCfg = Debug|Any CPU
		{3E929DD3-BBD3-4B2F-9FFD-D7224DFCB169}.Debug|x64.Build.0 = Debug|Any CPU
		{3E929DD3-BBD3-4B2F-9FFD-D7224DFCB169}.Debug|x86.ActiveCfg = Debug|Any CPU
		{3E929DD3-BBD3-4B2F-9FFD-D7224DFCB169}.Debug|x86.Build.0 = Debug|Any CPU
		{3E929DD3-BBD3-4B2F-9FFD-D7224DFCB169}.Release|Any CPU.ActiveCfg = Release|Any CPU
		{3E929DD3-BBD3-4B2F-9FFD-D7224DFCB169}.Release|Any CPU.Build.0 = Release|Any CPU
		{3E929DD3-BBD3-4B2F-9FFD-D7224DFCB169}.Release|x64.ActiveCfg = Release|Any CPU
		{3E929DD3-BBD3-4B2F-9FFD-D7224DFCB169}.Release|x64.Build.0 = Release|Any CPU
		{3E929DD3-BBD3-4B2F-9FFD-D7224DFCB169}.Release|x86.ActiveCfg = Release|Any CPU
		{3E929DD3-BBD3-4B2F-9FFD-D7224DFCB169}.Release|x86.Build.0 = Release|Any CPU
		{8777078C-C7E5-4127-919E-38F96EF4A41D}.Debug|Any CPU.ActiveCfg = Debug|Any CPU
		{8777078C-C7E5-4127-919E-38F96EF4A41D}.Debug|Any CPU.Build.0 = Debug|Any CPU
		{8777078C-C7E5-4127-919E-38F96EF4A41D}.Debug|x64.ActiveCfg = Debug|Any CPU
		{8777078C-C7E5-4127-919E-38F96EF4A41D}.Debug|x64.Build.0 = Debug|Any CPU
		{8777078C-C7E5-4127-919E-38F96EF4A41D}.Debug|x86.ActiveCfg = Debug|Any CPU
		{8777078C-C7E5-4127-919E-38F96EF4A41D}.Debug|x86.Build.0 = Debug|Any CPU
		{8777078C-C7E5-4127-919E-38F96EF4A41D}.Release|Any CPU.ActiveCfg = Release|Any CPU
		{8777078C-C7E5-4127-919E-38F96EF4A41D}.Release|Any CPU.Build.0 = Release|Any CPU
		{8777078C-C7E5-4127-919E-38F96EF4A41D}.Release|x64.ActiveCfg = Release|Any CPU
		{8777078C-C7E5-4127-919E-38F96EF4A41D}.Release|x64.Build.0 = Release|Any CPU
		{8777078C-C7E5-4127-919E-38F96EF4A41D}.Release|x86.ActiveCfg = Release|Any CPU
		{8777078C-C7E5-4127-919E-38F96EF4A41D}.Release|x86.Build.0 = Release|Any CPU
		{2BFA8883-25AA-469E-81C4-4CB30195E383}.Debug|Any CPU.ActiveCfg = Debug|Any CPU
		{2BFA8883-25AA-469E-81C4-4CB30195E383}.Debug|Any CPU.Build.0 = Debug|Any CPU
		{2BFA8883-25AA-469E-81C4-4CB30195E383}.Debug|x64.ActiveCfg = Debug|Any CPU
		{2BFA8883-25AA-469E-81C4-4CB30195E383}.Debug|x64.Build.0 = Debug|Any CPU
		{2BFA8883-25AA-469E-81C4-4CB30195E383}.Debug|x86.ActiveCfg = Debug|Any CPU
		{2BFA8883-25AA-469E-81C4-4CB30195E383}.Debug|x86.Build.0 = Debug|Any CPU
		{2BFA8883-25AA-469E-81C4-4CB30195E383}.Release|Any CPU.ActiveCfg = Release|Any CPU
		{2BFA8883-25AA-469E-81C4-4CB30195E383}.Release|Any CPU.Build.0 = Release|Any CPU
		{2BFA8883-25AA-469E-81C4-4CB30195E383}.Release|x64.ActiveCfg = Release|Any CPU
		{2BFA8883-25AA-469E-81C4-4CB30195E383}.Release|x64.Build.0 = Release|Any CPU
		{2BFA8883-25AA-469E-81C4-4CB30195E383}.Release|x86.ActiveCfg = Release|Any CPU
		{2BFA8883-25AA-469E-81C4-4CB30195E383}.Release|x86.Build.0 = Release|Any CPU
		{6CA31F60-6ACC-4B79-B12B-1BE2ABF7D2DE}.Debug|Any CPU.ActiveCfg = Debug|Any CPU
		{6CA31F60-6ACC-4B79-B12B-1BE2ABF7D2DE}.Debug|Any CPU.Build.0 = Debug|Any CPU
		{6CA31F60-6ACC-4B79-B12B-1BE2ABF7D2DE}.Debug|x64.ActiveCfg = Debug|Any CPU
		{6CA31F60-6ACC-4B79-B12B-1BE2ABF7D2DE}.Debug|x64.Build.0 = Debug|Any CPU
		{6CA31F60-6ACC-4B79-B12B-1BE2ABF7D2DE}.Debug|x86.ActiveCfg = Debug|Any CPU
		{6CA31F60-6ACC-4B79-B12B-1BE2ABF7D2DE}.Debug|x86.Build.0 = Debug|Any CPU
		{6CA31F60-6ACC-4B79-B12B-1BE2ABF7D2DE}.Release|Any CPU.ActiveCfg = Release|Any CPU
		{6CA31F60-6ACC-4B79-B12B-1BE2ABF7D2DE}.Release|Any CPU.Build.0 = Release|Any CPU
		{6CA31F60-6ACC-4B79-B12B-1BE2ABF7D2DE}.Release|x64.ActiveCfg = Release|Any CPU
		{6CA31F60-6ACC-4B79-B12B-1BE2ABF7D2DE}.Release|x64.Build.0 = Release|Any CPU
		{6CA31F60-6ACC-4B79-B12B-1BE2ABF7D2DE}.Release|x86.ActiveCfg = Release|Any CPU
		{6CA31F60-6ACC-4B79-B12B-1BE2ABF7D2DE}.Release|x86.Build.0 = Release|Any CPU
		{20B5E7DA-0237-4756-841B-D6013A41D3AA}.Debug|Any CPU.ActiveCfg = Debug|Any CPU
		{20B5E7DA-0237-4756-841B-D6013A41D3AA}.Debug|Any CPU.Build.0 = Debug|Any CPU
		{20B5E7DA-0237-4756-841B-D6013A41D3AA}.Debug|x64.ActiveCfg = Debug|Any CPU
		{20B5E7DA-0237-4756-841B-D6013A41D3AA}.Debug|x64.Build.0 = Debug|Any CPU
		{20B5E7DA-0237-4756-841B-D6013A41D3AA}.Debug|x86.ActiveCfg = Debug|Any CPU
		{20B5E7DA-0237-4756-841B-D6013A41D3AA}.Debug|x86.Build.0 = Debug|Any CPU
		{20B5E7DA-0237-4756-841B-D6013A41D3AA}.Release|Any CPU.ActiveCfg = Release|Any CPU
		{20B5E7DA-0237-4756-841B-D6013A41D3AA}.Release|Any CPU.Build.0 = Release|Any CPU
		{20B5E7DA-0237-4756-841B-D6013A41D3AA}.Release|x64.ActiveCfg = Release|Any CPU
		{20B5E7DA-0237-4756-841B-D6013A41D3AA}.Release|x64.Build.0 = Release|Any CPU
		{20B5E7DA-0237-4756-841B-D6013A41D3AA}.Release|x86.ActiveCfg = Release|Any CPU
		{20B5E7DA-0237-4756-841B-D6013A41D3AA}.Release|x86.Build.0 = Release|Any CPU
		{5BE9589E-D87B-4073-B320-CF9DC5B4461F}.Debug|Any CPU.ActiveCfg = Debug|Any CPU
		{5BE9589E-D87B-4073-B320-CF9DC5B4461F}.Debug|Any CPU.Build.0 = Debug|Any CPU
		{5BE9589E-D87B-4073-B320-CF9DC5B4461F}.Debug|x64.ActiveCfg = Debug|Any CPU
		{5BE9589E-D87B-4073-B320-CF9DC5B4461F}.Debug|x64.Build.0 = Debug|Any CPU
		{5BE9589E-D87B-4073-B320-CF9DC5B4461F}.Debug|x86.ActiveCfg = Debug|Any CPU
		{5BE9589E-D87B-4073-B320-CF9DC5B4461F}.Debug|x86.Build.0 = Debug|Any CPU
		{5BE9589E-D87B-4073-B320-CF9DC5B4461F}.Release|Any CPU.ActiveCfg = Release|Any CPU
		{5BE9589E-D87B-4073-B320-CF9DC5B4461F}.Release|Any CPU.Build.0 = Release|Any CPU
		{5BE9589E-D87B-4073-B320-CF9DC5B4461F}.Release|x64.ActiveCfg = Release|Any CPU
		{5BE9589E-D87B-4073-B320-CF9DC5B4461F}.Release|x64.Build.0 = Release|Any CPU
		{5BE9589E-D87B-4073-B320-CF9DC5B4461F}.Release|x86.ActiveCfg = Release|Any CPU
		{5BE9589E-D87B-4073-B320-CF9DC5B4461F}.Release|x86.Build.0 = Release|Any CPU
		{9711A74D-201C-4818-AD68-8FB78BBFF78E}.Debug|Any CPU.ActiveCfg = Debug|Any CPU
		{9711A74D-201C-4818-AD68-8FB78BBFF78E}.Debug|Any CPU.Build.0 = Debug|Any CPU
		{9711A74D-201C-4818-AD68-8FB78BBFF78E}.Debug|x64.ActiveCfg = Debug|Any CPU
		{9711A74D-201C-4818-AD68-8FB78BBFF78E}.Debug|x64.Build.0 = Debug|Any CPU
		{9711A74D-201C-4818-AD68-8FB78BBFF78E}.Debug|x86.ActiveCfg = Debug|Any CPU
		{9711A74D-201C-4818-AD68-8FB78BBFF78E}.Debug|x86.Build.0 = Debug|Any CPU
		{9711A74D-201C-4818-AD68-8FB78BBFF78E}.Release|Any CPU.ActiveCfg = Release|Any CPU
		{9711A74D-201C-4818-AD68-8FB78BBFF78E}.Release|Any CPU.Build.0 = Release|Any CPU
		{9711A74D-201C-4818-AD68-8FB78BBFF78E}.Release|x64.ActiveCfg = Release|Any CPU
		{9711A74D-201C-4818-AD68-8FB78BBFF78E}.Release|x64.Build.0 = Release|Any CPU
		{9711A74D-201C-4818-AD68-8FB78BBFF78E}.Release|x86.ActiveCfg = Release|Any CPU
		{9711A74D-201C-4818-AD68-8FB78BBFF78E}.Release|x86.Build.0 = Release|Any CPU
	EndGlobalSection
EndGlobal
